
Microsoft Visual Studio Solution File, Format Version 11.00
# Visual C++ Express 2010
Project("{8BC9CEB8-8B4A-11D0-8D11-00A0C91BC942}") = "Goblin Camp", "Goblin Camp\Goblin Camp.vcxproj", "{225B1047-10B4-4F9E-9AE7-293BDCF764CE}"
EndProject
Global
	GlobalSection(SolutionConfigurationPlatforms) = preSolution
		Debug|Win32 = Debug|Win32
		Release|Win32 = Release|Win32
	EndGlobalSection
	GlobalSection(ProjectConfigurationPlatforms) = postSolution
		{225B1047-10B4-4F9E-9AE7-293BDCF764CE}.Debug|Win32.ActiveCfg = Debug|Win32
		{225B1047-10B4-4F9E-9AE7-293BDCF764CE}.Debug|Win32.Build.0 = Debug|Win32
		{225B1047-10B4-4F9E-9AE7-293BDCF764CE}.Release|Win32.ActiveCfg = Release|Win32
		{225B1047-10B4-4F9E-9AE7-293BDCF764CE}.Release|Win32.Build.0 = Release|Win32
	EndGlobalSection
	GlobalSection(SolutionProperties) = preSolution
		HideSolutionNode = FALSE
	EndGlobalSection
EndGlobal
