
Microsoft Visual Studio Solution File, Format Version 11.00
# Visual Studio 2010
Project("{FAE04EC0-301F-11D3-BF4B-00C04F79EFBC}") = "goblin-camp-crash", "goblin-camp-crash.csproj", "{33CB5A49-6CC1-45E7-B671-02628B2E2AAE}"
EndProject
Global
	GlobalSection(SolutionConfigurationPlatforms) = preSolution
		Debug|x86 = Debug|x86
		Release|x86 = Release|x86
	EndGlobalSection
	GlobalSection(ProjectConfigurationPlatforms) = postSolution
		{33CB5A49-6CC1-45E7-B671-02628B2E2AAE}.Debug|x86.ActiveCfg = Debug|x86
		{33CB5A49-6CC1-45E7-B671-02628B2E2AAE}.Debug|x86.Build.0 = Debug|x86
		{33CB5A49-6CC1-45E7-B671-02628B2E2AAE}.Release|x86.ActiveCfg = Release|x86
		{33CB5A49-6CC1-45E7-B671-02628B2E2AAE}.Release|x86.Build.0 = Release|x86
	EndGlobalSection
	GlobalSection(SolutionProperties) = preSolution
		HideSolutionNode = FALSE
	EndGlobalSection
EndGlobal
