// !$*UTF8*$!
{
	archiveVersion = 1;
	classes = {
	};
	objectVersion = 45;
	objects = {

/* Begin PBXBuildFile section */
		7821252F121E06E700F5C47E /* SideBar.cpp in Sources */ = {isa = PBXBuildFile; fileRef = 7821252E121E06E700F5C47E /* SideBar.cpp */; };
		7821258C121E247E00F5C47E /* keys.ini in CopyFiles */ = {isa = PBXBuildFile; fileRef = 78212564121E0E1B00F5C47E /* keys.ini */; };
		7862EB811234519800D09AEB /* KuhnMunkres.hpp in CopyFiles */ = {isa = PBXBuildFile; fileRef = 7862EB801234519800D09AEB /* KuhnMunkres.hpp */; };
		7862EB831234520400D09AEB /* KuhnMunkres.cpp in Sources */ = {isa = PBXBuildFile; fileRef = 7862EB821234520400D09AEB /* KuhnMunkres.cpp */; };
		78B37CA712060A76003F23A8 /* DataImpl.cpp in Sources */ = {isa = PBXBuildFile; fileRef = 78B37C9A12060A76003F23A8 /* DataImpl.cpp */; };
		78B37CA812060A76003F23A8 /* main.cpp in Sources */ = {isa = PBXBuildFile; fileRef = 78B37C9B12060A76003F23A8 /* main.cpp */; };
		78B37CA912060A76003F23A8 /* AnnounceDialog.cpp in Sources */ = {isa = PBXBuildFile; fileRef = 78B37C9D12060A76003F23A8 /* AnnounceDialog.cpp */; };
		78B37CAA12060A76003F23A8 /* ConstructionDialog.cpp in Sources */ = {isa = PBXBuildFile; fileRef = 78B37C9E12060A76003F23A8 /* ConstructionDialog.cpp */; };
		78B37CAB12060A76003F23A8 /* JobDialog.cpp in Sources */ = {isa = PBXBuildFile; fileRef = 78B37C9F12060A76003F23A8 /* JobDialog.cpp */; };
		78B37CAC12060A76003F23A8 /* Menu.cpp in Sources */ = {isa = PBXBuildFile; fileRef = 78B37CA012060A76003F23A8 /* Menu.cpp */; };
		78B37CAD12060A76003F23A8 /* NPCDialog.cpp in Sources */ = {isa = PBXBuildFile; fileRef = 78B37CA212060A76003F23A8 /* NPCDialog.cpp */; };
		78B37CAE12060A76003F23A8 /* SquadsDialog.cpp in Sources */ = {isa = PBXBuildFile; fileRef = 78B37CA312060A76003F23A8 /* SquadsDialog.cpp */; };
		78B37CAF12060A76003F23A8 /* StockManagerDialog.cpp in Sources */ = {isa = PBXBuildFile; fileRef = 78B37CA412060A76003F23A8 /* StockManagerDialog.cpp */; };
		78B37CB012060A76003F23A8 /* UIComponents.cpp in Sources */ = {isa = PBXBuildFile; fileRef = 78B37CA512060A76003F23A8 /* UIComponents.cpp */; };
		78B37CB112060A76003F23A8 /* YesNoDialog.cpp in Sources */ = {isa = PBXBuildFile; fileRef = 78B37CA612060A76003F23A8 /* YesNoDialog.cpp */; };
		78B37D171210DD11003F23A8 /* Tooltip.cpp in Sources */ = {isa = PBXBuildFile; fileRef = 78B37D161210DD11003F23A8 /* Tooltip.cpp */; };
		78E2703611FA8F4100EEF2A7 /* Announce.cpp in Sources */ = {isa = PBXBuildFile; fileRef = 78E2701411FA8F4100EEF2A7 /* Announce.cpp */; };
		78E2703711FA8F4100EEF2A7 /* Attack.cpp in Sources */ = {isa = PBXBuildFile; fileRef = 78E2701511FA8F4100EEF2A7 /* Attack.cpp */; };
		78E2703811FA8F4100EEF2A7 /* Blood.cpp in Sources */ = {isa = PBXBuildFile; fileRef = 78E2701611FA8F4100EEF2A7 /* Blood.cpp */; };
		78E2703911FA8F4100EEF2A7 /* Camp.cpp in Sources */ = {isa = PBXBuildFile; fileRef = 78E2701711FA8F4100EEF2A7 /* Camp.cpp */; };
		78E2703A11FA8F4100EEF2A7 /* Construction.cpp in Sources */ = {isa = PBXBuildFile; fileRef = 78E2701811FA8F4100EEF2A7 /* Construction.cpp */; };
		78E2703B11FA8F4100EEF2A7 /* Container.cpp in Sources */ = {isa = PBXBuildFile; fileRef = 78E2701911FA8F4100EEF2A7 /* Container.cpp */; };
		78E2703C11FA8F4100EEF2A7 /* Coordinate.cpp in Sources */ = {isa = PBXBuildFile; fileRef = 78E2701A11FA8F4100EEF2A7 /* Coordinate.cpp */; };
		78E2703D11FA8F4100EEF2A7 /* Data.cpp in Sources */ = {isa = PBXBuildFile; fileRef = 78E2701B11FA8F4100EEF2A7 /* Data.cpp */; };
		78E2703E11FA8F4100EEF2A7 /* Door.cpp in Sources */ = {isa = PBXBuildFile; fileRef = 78E2701C11FA8F4100EEF2A7 /* Door.cpp */; };
		78E2703F11FA8F4100EEF2A7 /* Entity.cpp in Sources */ = {isa = PBXBuildFile; fileRef = 78E2701D11FA8F4100EEF2A7 /* Entity.cpp */; };
		78E2704011FA8F4100EEF2A7 /* Events.cpp in Sources */ = {isa = PBXBuildFile; fileRef = 78E2701E11FA8F4100EEF2A7 /* Events.cpp */; };
		78E2704111FA8F4100EEF2A7 /* Farmplot.cpp in Sources */ = {isa = PBXBuildFile; fileRef = 78E2701F11FA8F4100EEF2A7 /* Farmplot.cpp */; };
		78E2704211FA8F4100EEF2A7 /* Filth.cpp in Sources */ = {isa = PBXBuildFile; fileRef = 78E2702011FA8F4100EEF2A7 /* Filth.cpp */; };
		78E2704311FA8F4100EEF2A7 /* Game.cpp in Sources */ = {isa = PBXBuildFile; fileRef = 78E2702111FA8F4100EEF2A7 /* Game.cpp */; };
		78E2704411FA8F4100EEF2A7 /* GCamp.cpp in Sources */ = {isa = PBXBuildFile; fileRef = 78E2702211FA8F4100EEF2A7 /* GCamp.cpp */; };
		78E2704511FA8F4100EEF2A7 /* Item.cpp in Sources */ = {isa = PBXBuildFile; fileRef = 78E2702311FA8F4100EEF2A7 /* Item.cpp */; };
		78E2704611FA8F4100EEF2A7 /* Job.cpp in Sources */ = {isa = PBXBuildFile; fileRef = 78E2702411FA8F4100EEF2A7 /* Job.cpp */; };
		78E2704711FA8F4100EEF2A7 /* JobManager.cpp in Sources */ = {isa = PBXBuildFile; fileRef = 78E2702511FA8F4100EEF2A7 /* JobManager.cpp */; };
		78E2704811FA8F4100EEF2A7 /* Logger.cpp in Sources */ = {isa = PBXBuildFile; fileRef = 78E2702611FA8F4100EEF2A7 /* Logger.cpp */; };
		78E2704911FA8F4100EEF2A7 /* Map.cpp in Sources */ = {isa = PBXBuildFile; fileRef = 78E2702711FA8F4100EEF2A7 /* Map.cpp */; };
		78E2704B11FA8F4100EEF2A7 /* NatureObject.cpp in Sources */ = {isa = PBXBuildFile; fileRef = 78E2702911FA8F4100EEF2A7 /* NatureObject.cpp */; };
		78E2704C11FA8F4100EEF2A7 /* NPC.cpp in Sources */ = {isa = PBXBuildFile; fileRef = 78E2702A11FA8F4100EEF2A7 /* NPC.cpp */; };
		78E2704D11FA8F4100EEF2A7 /* Serialization.cpp in Sources */ = {isa = PBXBuildFile; fileRef = 78E2702B11FA8F4100EEF2A7 /* Serialization.cpp */; };
		78E2704E11FA8F4100EEF2A7 /* Squad.cpp in Sources */ = {isa = PBXBuildFile; fileRef = 78E2702C11FA8F4100EEF2A7 /* Squad.cpp */; };
		78E2704F11FA8F4100EEF2A7 /* StatusEffect.cpp in Sources */ = {isa = PBXBuildFile; fileRef = 78E2702D11FA8F4100EEF2A7 /* StatusEffect.cpp */; };
		78E2705011FA8F4100EEF2A7 /* StockManager.cpp in Sources */ = {isa = PBXBuildFile; fileRef = 78E2702E11FA8F4100EEF2A7 /* StockManager.cpp */; };
		78E2705111FA8F4100EEF2A7 /* Stockpile.cpp in Sources */ = {isa = PBXBuildFile; fileRef = 78E2702F11FA8F4100EEF2A7 /* Stockpile.cpp */; };
		78E2705211FA8F4100EEF2A7 /* Tile.cpp in Sources */ = {isa = PBXBuildFile; fileRef = 78E2703011FA8F4100EEF2A7 /* Tile.cpp */; };
		78E2705311FA8F4100EEF2A7 /* UI.cpp in Sources */ = {isa = PBXBuildFile; fileRef = 78E2703111FA8F4100EEF2A7 /* UI.cpp */; };
		78E2705411FA8F4100EEF2A7 /* Water.cpp in Sources */ = {isa = PBXBuildFile; fileRef = 78E2703211FA8F4100EEF2A7 /* Water.cpp */; };
		78E2731A11FA9EFD00EEF2A7 /* libtcod.framework in Frameworks */ = {isa = PBXBuildFile; fileRef = 78E2731911FA9EFD00EEF2A7 /* libtcod.framework */; };
		78E2739911FAA31C00EEF2A7 /* Carbon.framework in Frameworks */ = {isa = PBXBuildFile; fileRef = 78E2739811FAA31C00EEF2A7 /* Carbon.framework */; };
		78E274A511FB32EA00EEF2A7 /* libboost_date_time-d.dylib in Frameworks */ = {isa = PBXBuildFile; fileRef = 78E274A411FB32EA00EEF2A7 /* libboost_date_time-d.dylib */; };
		78E274A711FB32EA00EEF2A7 /* libboost_date_time-mt-d.dylib in Frameworks */ = {isa = PBXBuildFile; fileRef = 78E274A611FB32EA00EEF2A7 /* libboost_date_time-mt-d.dylib */; };
		78E274A911FB32EA00EEF2A7 /* libboost_date_time-mt.dylib in Frameworks */ = {isa = PBXBuildFile; fileRef = 78E274A811FB32EA00EEF2A7 /* libboost_date_time-mt.dylib */; };
		78E274AB11FB32EA00EEF2A7 /* libboost_date_time.dylib in Frameworks */ = {isa = PBXBuildFile; fileRef = 78E274AA11FB32EA00EEF2A7 /* libboost_date_time.dylib */; };
		78E274AD11FB32EA00EEF2A7 /* libboost_filesystem-d.dylib in Frameworks */ = {isa = PBXBuildFile; fileRef = 78E274AC11FB32EA00EEF2A7 /* libboost_filesystem-d.dylib */; };
		78E274AF11FB32EA00EEF2A7 /* libboost_filesystem-mt-d.dylib in Frameworks */ = {isa = PBXBuildFile; fileRef = 78E274AE11FB32EA00EEF2A7 /* libboost_filesystem-mt-d.dylib */; };
		78E274B111FB32EA00EEF2A7 /* libboost_filesystem-mt.dylib in Frameworks */ = {isa = PBXBuildFile; fileRef = 78E274B011FB32EA00EEF2A7 /* libboost_filesystem-mt.dylib */; };
		78E274B311FB32EA00EEF2A7 /* libboost_filesystem.dylib in Frameworks */ = {isa = PBXBuildFile; fileRef = 78E274B211FB32EA00EEF2A7 /* libboost_filesystem.dylib */; };
		78E274B511FB32EB00EEF2A7 /* libboost_graph-d.dylib in Frameworks */ = {isa = PBXBuildFile; fileRef = 78E274B411FB32EB00EEF2A7 /* libboost_graph-d.dylib */; };
		78E274B711FB32EB00EEF2A7 /* libboost_graph-mt-d.dylib in Frameworks */ = {isa = PBXBuildFile; fileRef = 78E274B611FB32EB00EEF2A7 /* libboost_graph-mt-d.dylib */; };
		78E274B911FB32EB00EEF2A7 /* libboost_graph-mt.dylib in Frameworks */ = {isa = PBXBuildFile; fileRef = 78E274B811FB32EB00EEF2A7 /* libboost_graph-mt.dylib */; };
		78E274BB11FB32EB00EEF2A7 /* libboost_graph.dylib in Frameworks */ = {isa = PBXBuildFile; fileRef = 78E274BA11FB32EB00EEF2A7 /* libboost_graph.dylib */; };
		78E274BD11FB32EB00EEF2A7 /* libboost_iostreams-d.dylib in Frameworks */ = {isa = PBXBuildFile; fileRef = 78E274BC11FB32EB00EEF2A7 /* libboost_iostreams-d.dylib */; };
		78E274BF11FB32EB00EEF2A7 /* libboost_iostreams-mt-d.dylib in Frameworks */ = {isa = PBXBuildFile; fileRef = 78E274BE11FB32EB00EEF2A7 /* libboost_iostreams-mt-d.dylib */; };
		78E274C111FB32EB00EEF2A7 /* libboost_iostreams-mt.dylib in Frameworks */ = {isa = PBXBuildFile; fileRef = 78E274C011FB32EB00EEF2A7 /* libboost_iostreams-mt.dylib */; };
		78E274C311FB32EB00EEF2A7 /* libboost_iostreams.dylib in Frameworks */ = {isa = PBXBuildFile; fileRef = 78E274C211FB32EB00EEF2A7 /* libboost_iostreams.dylib */; };
		78E274C511FB32EB00EEF2A7 /* libboost_math_c99-d.dylib in Frameworks */ = {isa = PBXBuildFile; fileRef = 78E274C411FB32EB00EEF2A7 /* libboost_math_c99-d.dylib */; };
		78E274C711FB32EB00EEF2A7 /* libboost_math_c99-mt-d.dylib in Frameworks */ = {isa = PBXBuildFile; fileRef = 78E274C611FB32EB00EEF2A7 /* libboost_math_c99-mt-d.dylib */; };
		78E274C911FB32EB00EEF2A7 /* libboost_math_c99-mt.dylib in Frameworks */ = {isa = PBXBuildFile; fileRef = 78E274C811FB32EB00EEF2A7 /* libboost_math_c99-mt.dylib */; };
		78E274CB11FB32EB00EEF2A7 /* libboost_math_c99.dylib in Frameworks */ = {isa = PBXBuildFile; fileRef = 78E274CA11FB32EB00EEF2A7 /* libboost_math_c99.dylib */; };
		78E274CD11FB32EB00EEF2A7 /* libboost_math_c99f-d.dylib in Frameworks */ = {isa = PBXBuildFile; fileRef = 78E274CC11FB32EB00EEF2A7 /* libboost_math_c99f-d.dylib */; };
		78E274CF11FB32EB00EEF2A7 /* libboost_math_c99f-mt-d.dylib in Frameworks */ = {isa = PBXBuildFile; fileRef = 78E274CE11FB32EB00EEF2A7 /* libboost_math_c99f-mt-d.dylib */; };
		78E274D111FB32EB00EEF2A7 /* libboost_math_c99f-mt.dylib in Frameworks */ = {isa = PBXBuildFile; fileRef = 78E274D011FB32EB00EEF2A7 /* libboost_math_c99f-mt.dylib */; };
		78E274D311FB32EB00EEF2A7 /* libboost_math_c99f.dylib in Frameworks */ = {isa = PBXBuildFile; fileRef = 78E274D211FB32EB00EEF2A7 /* libboost_math_c99f.dylib */; };
		78E274D511FB32EB00EEF2A7 /* libboost_math_c99l-d.dylib in Frameworks */ = {isa = PBXBuildFile; fileRef = 78E274D411FB32EB00EEF2A7 /* libboost_math_c99l-d.dylib */; };
		78E274D711FB32EB00EEF2A7 /* libboost_math_c99l-mt-d.dylib in Frameworks */ = {isa = PBXBuildFile; fileRef = 78E274D611FB32EB00EEF2A7 /* libboost_math_c99l-mt-d.dylib */; };
		78E274D911FB32EB00EEF2A7 /* libboost_math_c99l-mt.dylib in Frameworks */ = {isa = PBXBuildFile; fileRef = 78E274D811FB32EB00EEF2A7 /* libboost_math_c99l-mt.dylib */; };
		78E274DB11FB32EB00EEF2A7 /* libboost_math_c99l.dylib in Frameworks */ = {isa = PBXBuildFile; fileRef = 78E274DA11FB32EB00EEF2A7 /* libboost_math_c99l.dylib */; };
		78E274DD11FB32EB00EEF2A7 /* libboost_math_tr1-d.dylib in Frameworks */ = {isa = PBXBuildFile; fileRef = 78E274DC11FB32EB00EEF2A7 /* libboost_math_tr1-d.dylib */; };
		78E274DF11FB32EB00EEF2A7 /* libboost_math_tr1-mt-d.dylib in Frameworks */ = {isa = PBXBuildFile; fileRef = 78E274DE11FB32EB00EEF2A7 /* libboost_math_tr1-mt-d.dylib */; };
		78E274E111FB32EB00EEF2A7 /* libboost_math_tr1-mt.dylib in Frameworks */ = {isa = PBXBuildFile; fileRef = 78E274E011FB32EB00EEF2A7 /* libboost_math_tr1-mt.dylib */; };
		78E274E311FB32EB00EEF2A7 /* libboost_math_tr1.dylib in Frameworks */ = {isa = PBXBuildFile; fileRef = 78E274E211FB32EB00EEF2A7 /* libboost_math_tr1.dylib */; };
		78E274E511FB32EB00EEF2A7 /* libboost_math_tr1f-d.dylib in Frameworks */ = {isa = PBXBuildFile; fileRef = 78E274E411FB32EB00EEF2A7 /* libboost_math_tr1f-d.dylib */; };
		78E274E711FB32EB00EEF2A7 /* libboost_math_tr1f-mt-d.dylib in Frameworks */ = {isa = PBXBuildFile; fileRef = 78E274E611FB32EB00EEF2A7 /* libboost_math_tr1f-mt-d.dylib */; };
		78E274E911FB32EB00EEF2A7 /* libboost_math_tr1f-mt.dylib in Frameworks */ = {isa = PBXBuildFile; fileRef = 78E274E811FB32EB00EEF2A7 /* libboost_math_tr1f-mt.dylib */; };
		78E274EB11FB32EB00EEF2A7 /* libboost_math_tr1f.dylib in Frameworks */ = {isa = PBXBuildFile; fileRef = 78E274EA11FB32EB00EEF2A7 /* libboost_math_tr1f.dylib */; };
		78E274ED11FB32EB00EEF2A7 /* libboost_math_tr1l-d.dylib in Frameworks */ = {isa = PBXBuildFile; fileRef = 78E274EC11FB32EB00EEF2A7 /* libboost_math_tr1l-d.dylib */; };
		78E274EF11FB32EB00EEF2A7 /* libboost_math_tr1l-mt-d.dylib in Frameworks */ = {isa = PBXBuildFile; fileRef = 78E274EE11FB32EB00EEF2A7 /* libboost_math_tr1l-mt-d.dylib */; };
		78E274F111FB32EB00EEF2A7 /* libboost_math_tr1l-mt.dylib in Frameworks */ = {isa = PBXBuildFile; fileRef = 78E274F011FB32EB00EEF2A7 /* libboost_math_tr1l-mt.dylib */; };
		78E274F311FB32EB00EEF2A7 /* libboost_math_tr1l.dylib in Frameworks */ = {isa = PBXBuildFile; fileRef = 78E274F211FB32EB00EEF2A7 /* libboost_math_tr1l.dylib */; };
		78E274F511FB32EB00EEF2A7 /* libboost_prg_exec_monitor-d.dylib in Frameworks */ = {isa = PBXBuildFile; fileRef = 78E274F411FB32EB00EEF2A7 /* libboost_prg_exec_monitor-d.dylib */; };
		78E274F711FB32EB00EEF2A7 /* libboost_prg_exec_monitor-mt-d.dylib in Frameworks */ = {isa = PBXBuildFile; fileRef = 78E274F611FB32EB00EEF2A7 /* libboost_prg_exec_monitor-mt-d.dylib */; };
		78E274F911FB32EB00EEF2A7 /* libboost_prg_exec_monitor-mt.dylib in Frameworks */ = {isa = PBXBuildFile; fileRef = 78E274F811FB32EB00EEF2A7 /* libboost_prg_exec_monitor-mt.dylib */; };
		78E274FB11FB32EB00EEF2A7 /* libboost_prg_exec_monitor.dylib in Frameworks */ = {isa = PBXBuildFile; fileRef = 78E274FA11FB32EB00EEF2A7 /* libboost_prg_exec_monitor.dylib */; };
		78E274FD11FB32EB00EEF2A7 /* libboost_program_options-d.dylib in Frameworks */ = {isa = PBXBuildFile; fileRef = 78E274FC11FB32EB00EEF2A7 /* libboost_program_options-d.dylib */; };
		78E274FF11FB32EB00EEF2A7 /* libboost_program_options-mt-d.dylib in Frameworks */ = {isa = PBXBuildFile; fileRef = 78E274FE11FB32EB00EEF2A7 /* libboost_program_options-mt-d.dylib */; };
		78E2750111FB32EB00EEF2A7 /* libboost_program_options-mt.dylib in Frameworks */ = {isa = PBXBuildFile; fileRef = 78E2750011FB32EB00EEF2A7 /* libboost_program_options-mt.dylib */; };
		78E2750311FB32EB00EEF2A7 /* libboost_program_options.dylib in Frameworks */ = {isa = PBXBuildFile; fileRef = 78E2750211FB32EB00EEF2A7 /* libboost_program_options.dylib */; };
		78E2750511FB32EB00EEF2A7 /* libboost_random-d.dylib in Frameworks */ = {isa = PBXBuildFile; fileRef = 78E2750411FB32EB00EEF2A7 /* libboost_random-d.dylib */; };
		78E2750711FB32EB00EEF2A7 /* libboost_random-mt-d.dylib in Frameworks */ = {isa = PBXBuildFile; fileRef = 78E2750611FB32EB00EEF2A7 /* libboost_random-mt-d.dylib */; };
		78E2750911FB32EB00EEF2A7 /* libboost_random-mt.dylib in Frameworks */ = {isa = PBXBuildFile; fileRef = 78E2750811FB32EB00EEF2A7 /* libboost_random-mt.dylib */; };
		78E2750B11FB32EB00EEF2A7 /* libboost_random.dylib in Frameworks */ = {isa = PBXBuildFile; fileRef = 78E2750A11FB32EB00EEF2A7 /* libboost_random.dylib */; };
		78E2750D11FB32EB00EEF2A7 /* libboost_regex-d.dylib in Frameworks */ = {isa = PBXBuildFile; fileRef = 78E2750C11FB32EB00EEF2A7 /* libboost_regex-d.dylib */; };
		78E2750F11FB32EB00EEF2A7 /* libboost_regex-mt-d.dylib in Frameworks */ = {isa = PBXBuildFile; fileRef = 78E2750E11FB32EB00EEF2A7 /* libboost_regex-mt-d.dylib */; };
		78E2751111FB32EB00EEF2A7 /* libboost_regex-mt.dylib in Frameworks */ = {isa = PBXBuildFile; fileRef = 78E2751011FB32EB00EEF2A7 /* libboost_regex-mt.dylib */; };
		78E2751311FB32EB00EEF2A7 /* libboost_regex.dylib in Frameworks */ = {isa = PBXBuildFile; fileRef = 78E2751211FB32EB00EEF2A7 /* libboost_regex.dylib */; };
		78E2751511FB32EB00EEF2A7 /* libboost_serialization-d.dylib in Frameworks */ = {isa = PBXBuildFile; fileRef = 78E2751411FB32EB00EEF2A7 /* libboost_serialization-d.dylib */; };
		78E2751711FB32EB00EEF2A7 /* libboost_serialization-mt-d.dylib in Frameworks */ = {isa = PBXBuildFile; fileRef = 78E2751611FB32EB00EEF2A7 /* libboost_serialization-mt-d.dylib */; };
		78E2751911FB32EC00EEF2A7 /* libboost_serialization-mt.dylib in Frameworks */ = {isa = PBXBuildFile; fileRef = 78E2751811FB32EC00EEF2A7 /* libboost_serialization-mt.dylib */; };
		78E2751B11FB32EC00EEF2A7 /* libboost_serialization.dylib in Frameworks */ = {isa = PBXBuildFile; fileRef = 78E2751A11FB32EC00EEF2A7 /* libboost_serialization.dylib */; };
		78E2751D11FB32EC00EEF2A7 /* libboost_signals-d.dylib in Frameworks */ = {isa = PBXBuildFile; fileRef = 78E2751C11FB32EC00EEF2A7 /* libboost_signals-d.dylib */; };
		78E2751F11FB32EC00EEF2A7 /* libboost_signals-mt-d.dylib in Frameworks */ = {isa = PBXBuildFile; fileRef = 78E2751E11FB32EC00EEF2A7 /* libboost_signals-mt-d.dylib */; };
		78E2752111FB32EC00EEF2A7 /* libboost_signals-mt.dylib in Frameworks */ = {isa = PBXBuildFile; fileRef = 78E2752011FB32EC00EEF2A7 /* libboost_signals-mt.dylib */; };
		78E2752311FB32EC00EEF2A7 /* libboost_signals.dylib in Frameworks */ = {isa = PBXBuildFile; fileRef = 78E2752211FB32EC00EEF2A7 /* libboost_signals.dylib */; };
		78E2752511FB32EC00EEF2A7 /* libboost_system-d.dylib in Frameworks */ = {isa = PBXBuildFile; fileRef = 78E2752411FB32EC00EEF2A7 /* libboost_system-d.dylib */; };
		78E2752711FB32EC00EEF2A7 /* libboost_system-mt-d.dylib in Frameworks */ = {isa = PBXBuildFile; fileRef = 78E2752611FB32EC00EEF2A7 /* libboost_system-mt-d.dylib */; };
		78E2752911FB32EC00EEF2A7 /* libboost_system-mt.dylib in Frameworks */ = {isa = PBXBuildFile; fileRef = 78E2752811FB32EC00EEF2A7 /* libboost_system-mt.dylib */; };
		78E2752B11FB32EC00EEF2A7 /* libboost_system.dylib in Frameworks */ = {isa = PBXBuildFile; fileRef = 78E2752A11FB32EC00EEF2A7 /* libboost_system.dylib */; };
		78E2752D11FB32EC00EEF2A7 /* libboost_thread-mt-d.dylib in Frameworks */ = {isa = PBXBuildFile; fileRef = 78E2752C11FB32EC00EEF2A7 /* libboost_thread-mt-d.dylib */; };
		78E2752F11FB32EC00EEF2A7 /* libboost_thread-mt.dylib in Frameworks */ = {isa = PBXBuildFile; fileRef = 78E2752E11FB32EC00EEF2A7 /* libboost_thread-mt.dylib */; };
		78E2753111FB32EC00EEF2A7 /* libboost_unit_test_framework-d.dylib in Frameworks */ = {isa = PBXBuildFile; fileRef = 78E2753011FB32EC00EEF2A7 /* libboost_unit_test_framework-d.dylib */; };
		78E2753311FB32EC00EEF2A7 /* libboost_unit_test_framework-mt-d.dylib in Frameworks */ = {isa = PBXBuildFile; fileRef = 78E2753211FB32EC00EEF2A7 /* libboost_unit_test_framework-mt-d.dylib */; };
		78E2753511FB32EC00EEF2A7 /* libboost_unit_test_framework-mt.dylib in Frameworks */ = {isa = PBXBuildFile; fileRef = 78E2753411FB32EC00EEF2A7 /* libboost_unit_test_framework-mt.dylib */; };
		78E2753711FB32EC00EEF2A7 /* libboost_unit_test_framework.dylib in Frameworks */ = {isa = PBXBuildFile; fileRef = 78E2753611FB32EC00EEF2A7 /* libboost_unit_test_framework.dylib */; };
		78E2753911FB32EC00EEF2A7 /* libboost_wave-d.dylib in Frameworks */ = {isa = PBXBuildFile; fileRef = 78E2753811FB32EC00EEF2A7 /* libboost_wave-d.dylib */; };
		78E2753B11FB32EC00EEF2A7 /* libboost_wave-mt-d.dylib in Frameworks */ = {isa = PBXBuildFile; fileRef = 78E2753A11FB32EC00EEF2A7 /* libboost_wave-mt-d.dylib */; };
		78E2753D11FB32EC00EEF2A7 /* libboost_wave-mt.dylib in Frameworks */ = {isa = PBXBuildFile; fileRef = 78E2753C11FB32EC00EEF2A7 /* libboost_wave-mt.dylib */; };
		78E2753F11FB32EC00EEF2A7 /* libboost_wave.dylib in Frameworks */ = {isa = PBXBuildFile; fileRef = 78E2753E11FB32EC00EEF2A7 /* libboost_wave.dylib */; };
		78E2754111FB32EC00EEF2A7 /* libboost_wserialization-d.dylib in Frameworks */ = {isa = PBXBuildFile; fileRef = 78E2754011FB32EC00EEF2A7 /* libboost_wserialization-d.dylib */; };
		78E2754311FB32EC00EEF2A7 /* libboost_wserialization-mt-d.dylib in Frameworks */ = {isa = PBXBuildFile; fileRef = 78E2754211FB32EC00EEF2A7 /* libboost_wserialization-mt-d.dylib */; };
		78E2754511FB32EC00EEF2A7 /* libboost_wserialization-mt.dylib in Frameworks */ = {isa = PBXBuildFile; fileRef = 78E2754411FB32EC00EEF2A7 /* libboost_wserialization-mt.dylib */; };
		78E2754711FB32EC00EEF2A7 /* libboost_wserialization.dylib in Frameworks */ = {isa = PBXBuildFile; fileRef = 78E2754611FB32EC00EEF2A7 /* libboost_wserialization.dylib */; };
		78E275A211FB37F300EEF2A7 /* config.ini in CopyFiles */ = {isa = PBXBuildFile; fileRef = 78E26FE711FA8F4100EEF2A7 /* config.ini */; };
		78E275A311FB37F300EEF2A7 /* constructions.dat in CopyFiles */ = {isa = PBXBuildFile; fileRef = 78E26FE811FA8F4100EEF2A7 /* constructions.dat */; };
		78E275A411FB37F300EEF2A7 /* creatures.dat in CopyFiles */ = {isa = PBXBuildFile; fileRef = 78E26FEA11FA8F4100EEF2A7 /* creatures.dat */; };
		78E275A511FB37F300EEF2A7 /* GoblinCamp.ico in CopyFiles */ = {isa = PBXBuildFile; fileRef = 78E26FED11FA8F4100EEF2A7 /* GoblinCamp.ico */; };
		78E275A611FB37F300EEF2A7 /* items.dat in CopyFiles */ = {isa = PBXBuildFile; fileRef = 78E2700E11FA8F4100EEF2A7 /* items.dat */; };
		78E275A711FB37F300EEF2A7 /* names.dat in CopyFiles */ = {isa = PBXBuildFile; fileRef = 78E2701011FA8F4100EEF2A7 /* names.dat */; };
		78E275A811FB37F300EEF2A7 /* terminal.png in CopyFiles */ = {isa = PBXBuildFile; fileRef = 78E2703411FA8F4100EEF2A7 /* terminal.png */; };
		78E275A911FB37F300EEF2A7 /* wildplants.dat in CopyFiles */ = {isa = PBXBuildFile; fileRef = 78E2703511FA8F4100EEF2A7 /* wildplants.dat */; };
/* End PBXBuildFile section */

/* Begin PBXCopyFilesBuildPhase section */
		8DD76F690486A84900D96B5E /* CopyFiles */ = {
			isa = PBXCopyFilesBuildPhase;
			buildActionMask = 12;
			dstPath = "";
			dstSubfolderSpec = 7;
			files = (
				7821258C121E247E00F5C47E /* keys.ini in CopyFiles */,
				78E275A211FB37F300EEF2A7 /* config.ini in CopyFiles */,
				78E275A311FB37F300EEF2A7 /* constructions.dat in CopyFiles */,
				78E275A411FB37F300EEF2A7 /* creatures.dat in CopyFiles */,
				78E275A511FB37F300EEF2A7 /* GoblinCamp.ico in CopyFiles */,
				78E275A611FB37F300EEF2A7 /* items.dat in CopyFiles */,
				78E275A711FB37F300EEF2A7 /* names.dat in CopyFiles */,
				78E275A811FB37F300EEF2A7 /* terminal.png in CopyFiles */,
				78E275A911FB37F300EEF2A7 /* wildplants.dat in CopyFiles */,
				7862EB811234519800D09AEB /* KuhnMunkres.hpp in CopyFiles */,
			);
			runOnlyForDeploymentPostprocessing = 0;
		};
/* End PBXCopyFilesBuildPhase section */

/* Begin PBXFileReference section */
		7821252D121E06A300F5C47E /* SideBar.hpp */ = {isa = PBXFileReference; fileEncoding = 4; lastKnownFileType = sourcecode.cpp.h; path = SideBar.hpp; sourceTree = "<group>"; };
		7821252E121E06E700F5C47E /* SideBar.cpp */ = {isa = PBXFileReference; fileEncoding = 4; lastKnownFileType = sourcecode.cpp.cpp; path = SideBar.cpp; sourceTree = "<group>"; };
		78212564121E0E1B00F5C47E /* keys.ini */ = {isa = PBXFileReference; fileEncoding = 4; lastKnownFileType = text; path = keys.ini; sourceTree = "<group>"; };
		7862EB801234519800D09AEB /* KuhnMunkres.hpp */ = {isa = PBXFileReference; fileEncoding = 4; lastKnownFileType = sourcecode.cpp.h; path = KuhnMunkres.hpp; sourceTree = "<group>"; };
		7862EB821234520400D09AEB /* KuhnMunkres.cpp */ = {isa = PBXFileReference; fileEncoding = 4; lastKnownFileType = sourcecode.cpp.cpp; path = KuhnMunkres.cpp; sourceTree = "<group>"; };
		78B37C9A12060A76003F23A8 /* DataImpl.cpp */ = {isa = PBXFileReference; fileEncoding = 4; lastKnownFileType = sourcecode.cpp.cpp; path = DataImpl.cpp; sourceTree = "<group>"; };
		78B37C9B12060A76003F23A8 /* main.cpp */ = {isa = PBXFileReference; fileEncoding = 4; lastKnownFileType = sourcecode.cpp.cpp; path = main.cpp; sourceTree = "<group>"; };
		78B37C9D12060A76003F23A8 /* AnnounceDialog.cpp */ = {isa = PBXFileReference; fileEncoding = 4; lastKnownFileType = sourcecode.cpp.cpp; path = AnnounceDialog.cpp; sourceTree = "<group>"; };
		78B37C9E12060A76003F23A8 /* ConstructionDialog.cpp */ = {isa = PBXFileReference; fileEncoding = 4; lastKnownFileType = sourcecode.cpp.cpp; path = ConstructionDialog.cpp; sourceTree = "<group>"; };
		78B37C9F12060A76003F23A8 /* JobDialog.cpp */ = {isa = PBXFileReference; fileEncoding = 4; lastKnownFileType = sourcecode.cpp.cpp; path = JobDialog.cpp; sourceTree = "<group>"; };
		78B37CA012060A76003F23A8 /* Menu.cpp */ = {isa = PBXFileReference; fileEncoding = 4; lastKnownFileType = sourcecode.cpp.cpp; path = Menu.cpp; sourceTree = "<group>"; };
		78B37CA212060A76003F23A8 /* NPCDialog.cpp */ = {isa = PBXFileReference; fileEncoding = 4; lastKnownFileType = sourcecode.cpp.cpp; path = NPCDialog.cpp; sourceTree = "<group>"; };
		78B37CA312060A76003F23A8 /* SquadsDialog.cpp */ = {isa = PBXFileReference; fileEncoding = 4; lastKnownFileType = sourcecode.cpp.cpp; path = SquadsDialog.cpp; sourceTree = "<group>"; };
		78B37CA412060A76003F23A8 /* StockManagerDialog.cpp */ = {isa = PBXFileReference; fileEncoding = 4; lastKnownFileType = sourcecode.cpp.cpp; path = StockManagerDialog.cpp; sourceTree = "<group>"; };
		78B37CA512060A76003F23A8 /* UIComponents.cpp */ = {isa = PBXFileReference; fileEncoding = 4; lastKnownFileType = sourcecode.cpp.cpp; path = UIComponents.cpp; sourceTree = "<group>"; };
		78B37CA612060A76003F23A8 /* YesNoDialog.cpp */ = {isa = PBXFileReference; fileEncoding = 4; lastKnownFileType = sourcecode.cpp.cpp; path = YesNoDialog.cpp; sourceTree = "<group>"; };
		78B37CB312060A86003F23A8 /* AnnounceDialog.hpp */ = {isa = PBXFileReference; fileEncoding = 4; lastKnownFileType = sourcecode.cpp.h; path = AnnounceDialog.hpp; sourceTree = "<group>"; };
		78B37CB412060A86003F23A8 /* Button.hpp */ = {isa = PBXFileReference; fileEncoding = 4; lastKnownFileType = sourcecode.cpp.h; path = Button.hpp; sourceTree = "<group>"; };
		78B37CB512060A86003F23A8 /* ConstructionDialog.hpp */ = {isa = PBXFileReference; fileEncoding = 4; lastKnownFileType = sourcecode.cpp.h; path = ConstructionDialog.hpp; sourceTree = "<group>"; };
		78B37CB612060A86003F23A8 /* Dialog.hpp */ = {isa = PBXFileReference; fileEncoding = 4; lastKnownFileType = sourcecode.cpp.h; path = Dialog.hpp; sourceTree = "<group>"; };
		78B37CB712060A86003F23A8 /* Frame.hpp */ = {isa = PBXFileReference; fileEncoding = 4; lastKnownFileType = sourcecode.cpp.h; path = Frame.hpp; sourceTree = "<group>"; };
		78B37CB812060A86003F23A8 /* Grid.hpp */ = {isa = PBXFileReference; fileEncoding = 4; lastKnownFileType = sourcecode.cpp.h; path = Grid.hpp; sourceTree = "<group>"; };
		78B37CB912060A86003F23A8 /* JobDialog.hpp */ = {isa = PBXFileReference; fileEncoding = 4; lastKnownFileType = sourcecode.cpp.h; path = JobDialog.hpp; sourceTree = "<group>"; };
		78B37CBA12060A86003F23A8 /* Label.hpp */ = {isa = PBXFileReference; fileEncoding = 4; lastKnownFileType = sourcecode.cpp.h; path = Label.hpp; sourceTree = "<group>"; };
		78B37CBB12060A86003F23A8 /* Menu.hpp */ = {isa = PBXFileReference; fileEncoding = 4; lastKnownFileType = sourcecode.cpp.h; path = Menu.hpp; sourceTree = "<group>"; };
		78B37CBC12060A86003F23A8 /* NPCDialog.hpp */ = {isa = PBXFileReference; fileEncoding = 4; lastKnownFileType = sourcecode.cpp.h; path = NPCDialog.hpp; sourceTree = "<group>"; };
		78B37CBD12060A86003F23A8 /* ScrollPanel.hpp */ = {isa = PBXFileReference; fileEncoding = 4; lastKnownFileType = sourcecode.cpp.h; path = ScrollPanel.hpp; sourceTree = "<group>"; };
		78B37CBE12060A86003F23A8 /* Spinner.hpp */ = {isa = PBXFileReference; fileEncoding = 4; lastKnownFileType = sourcecode.cpp.h; path = Spinner.hpp; sourceTree = "<group>"; };
		78B37CBF12060A86003F23A8 /* SquadsDialog.hpp */ = {isa = PBXFileReference; fileEncoding = 4; lastKnownFileType = sourcecode.cpp.h; path = SquadsDialog.hpp; sourceTree = "<group>"; };
		78B37CC012060A86003F23A8 /* StockManagerDialog.hpp */ = {isa = PBXFileReference; fileEncoding = 4; lastKnownFileType = sourcecode.cpp.h; path = StockManagerDialog.hpp; sourceTree = "<group>"; };
		78B37CC112060A86003F23A8 /* TextBox.hpp */ = {isa = PBXFileReference; fileEncoding = 4; lastKnownFileType = sourcecode.cpp.h; path = TextBox.hpp; sourceTree = "<group>"; };
		78B37CC212060A86003F23A8 /* UIComponents.hpp */ = {isa = PBXFileReference; fileEncoding = 4; lastKnownFileType = sourcecode.cpp.h; path = UIComponents.hpp; sourceTree = "<group>"; };
		78B37CC312060A86003F23A8 /* UIList.hpp */ = {isa = PBXFileReference; fileEncoding = 4; lastKnownFileType = sourcecode.cpp.h; path = UIList.hpp; sourceTree = "<group>"; };
		78B37CC412060A86003F23A8 /* YesNoDialog.hpp */ = {isa = PBXFileReference; fileEncoding = 4; lastKnownFileType = sourcecode.cpp.h; path = YesNoDialog.hpp; sourceTree = "<group>"; };
		78B37D151210DD01003F23A8 /* Tooltip.hpp */ = {isa = PBXFileReference; fileEncoding = 4; lastKnownFileType = sourcecode.cpp.h; path = Tooltip.hpp; sourceTree = "<group>"; };
		78B37D161210DD11003F23A8 /* Tooltip.cpp */ = {isa = PBXFileReference; fileEncoding = 4; lastKnownFileType = sourcecode.cpp.cpp; path = Tooltip.cpp; sourceTree = "<group>"; };
		78E26FE711FA8F4100EEF2A7 /* config.ini */ = {isa = PBXFileReference; fileEncoding = 4; lastKnownFileType = text; path = config.ini; sourceTree = "<group>"; };
		78E26FE811FA8F4100EEF2A7 /* constructions.dat */ = {isa = PBXFileReference; fileEncoding = 4; lastKnownFileType = text; path = constructions.dat; sourceTree = "<group>"; };
		78E26FE911FA8F4100EEF2A7 /* COPYING.txt */ = {isa = PBXFileReference; fileEncoding = 4; lastKnownFileType = text; path = COPYING.txt; sourceTree = "<group>"; };
		78E26FEA11FA8F4100EEF2A7 /* creatures.dat */ = {isa = PBXFileReference; fileEncoding = 4; lastKnownFileType = text; path = creatures.dat; sourceTree = "<group>"; };
		78E26FEB11FA8F4100EEF2A7 /* Goblin Camp.rc */ = {isa = PBXFileReference; fileEncoding = 4; lastKnownFileType = text; path = "Goblin Camp.rc"; sourceTree = "<group>"; };
		78E26FEC11FA8F4100EEF2A7 /* Goblin Camp.vcxproj */ = {isa = PBXFileReference; fileEncoding = 4; lastKnownFileType = text.xml; path = "Goblin Camp.vcxproj"; sourceTree = "<group>"; };
		78E26FED11FA8F4100EEF2A7 /* GoblinCamp.ico */ = {isa = PBXFileReference; lastKnownFileType = image.ico; path = GoblinCamp.ico; sourceTree = "<group>"; };
		78E26FEF11FA8F4100EEF2A7 /* Announce.hpp */ = {isa = PBXFileReference; fileEncoding = 4; lastKnownFileType = sourcecode.cpp.h; path = Announce.hpp; sourceTree = "<group>"; };
		78E26FF011FA8F4100EEF2A7 /* Attack.hpp */ = {isa = PBXFileReference; fileEncoding = 4; lastKnownFileType = sourcecode.cpp.h; path = Attack.hpp; sourceTree = "<group>"; };
		78E26FF111FA8F4100EEF2A7 /* Blood.hpp */ = {isa = PBXFileReference; fileEncoding = 4; lastKnownFileType = sourcecode.cpp.h; path = Blood.hpp; sourceTree = "<group>"; };
		78E26FF211FA8F4100EEF2A7 /* Camp.hpp */ = {isa = PBXFileReference; fileEncoding = 4; lastKnownFileType = sourcecode.cpp.h; path = Camp.hpp; sourceTree = "<group>"; };
		78E26FF311FA8F4100EEF2A7 /* Construction.hpp */ = {isa = PBXFileReference; fileEncoding = 4; lastKnownFileType = sourcecode.cpp.h; path = Construction.hpp; sourceTree = "<group>"; };
		78E26FF411FA8F4100EEF2A7 /* Container.hpp */ = {isa = PBXFileReference; fileEncoding = 4; lastKnownFileType = sourcecode.cpp.h; path = Container.hpp; sourceTree = "<group>"; };
		78E26FF511FA8F4100EEF2A7 /* Coordinate.hpp */ = {isa = PBXFileReference; fileEncoding = 4; lastKnownFileType = sourcecode.cpp.h; path = Coordinate.hpp; sourceTree = "<group>"; };
		78E26FF611FA8F4100EEF2A7 /* Data.hpp */ = {isa = PBXFileReference; fileEncoding = 4; lastKnownFileType = sourcecode.cpp.h; path = Data.hpp; sourceTree = "<group>"; };
		78E26FF711FA8F4100EEF2A7 /* Door.hpp */ = {isa = PBXFileReference; fileEncoding = 4; lastKnownFileType = sourcecode.cpp.h; path = Door.hpp; sourceTree = "<group>"; };
		78E26FF811FA8F4100EEF2A7 /* Entity.hpp */ = {isa = PBXFileReference; fileEncoding = 4; lastKnownFileType = sourcecode.cpp.h; path = Entity.hpp; sourceTree = "<group>"; };
		78E26FF911FA8F4100EEF2A7 /* Events.hpp */ = {isa = PBXFileReference; fileEncoding = 4; lastKnownFileType = sourcecode.cpp.h; path = Events.hpp; sourceTree = "<group>"; };
		78E26FFA11FA8F4100EEF2A7 /* Farmplot.hpp */ = {isa = PBXFileReference; fileEncoding = 4; lastKnownFileType = sourcecode.cpp.h; path = Farmplot.hpp; sourceTree = "<group>"; };
		78E26FFB11FA8F4100EEF2A7 /* Filth.hpp */ = {isa = PBXFileReference; fileEncoding = 4; lastKnownFileType = sourcecode.cpp.h; path = Filth.hpp; sourceTree = "<group>"; };
		78E26FFC11FA8F4100EEF2A7 /* Game.hpp */ = {isa = PBXFileReference; fileEncoding = 4; lastKnownFileType = sourcecode.cpp.h; path = Game.hpp; sourceTree = "<group>"; };
		78E26FFD11FA8F4100EEF2A7 /* GCamp.hpp */ = {isa = PBXFileReference; fileEncoding = 4; lastKnownFileType = sourcecode.cpp.h; path = GCamp.hpp; sourceTree = "<group>"; };
		78E26FFE11FA8F4100EEF2A7 /* Item.hpp */ = {isa = PBXFileReference; fileEncoding = 4; lastKnownFileType = sourcecode.cpp.h; path = Item.hpp; sourceTree = "<group>"; };
		78E26FFF11FA8F4100EEF2A7 /* Job.hpp */ = {isa = PBXFileReference; fileEncoding = 4; lastKnownFileType = sourcecode.cpp.h; path = Job.hpp; sourceTree = "<group>"; };
		78E2700011FA8F4100EEF2A7 /* JobManager.hpp */ = {isa = PBXFileReference; fileEncoding = 4; lastKnownFileType = sourcecode.cpp.h; path = JobManager.hpp; sourceTree = "<group>"; };
		78E2700111FA8F4100EEF2A7 /* Logger.hpp */ = {isa = PBXFileReference; fileEncoding = 4; lastKnownFileType = sourcecode.cpp.h; path = Logger.hpp; sourceTree = "<group>"; };
		78E2700211FA8F4100EEF2A7 /* Map.hpp */ = {isa = PBXFileReference; fileEncoding = 4; lastKnownFileType = sourcecode.cpp.h; path = Map.hpp; sourceTree = "<group>"; };
		78E2700411FA8F4100EEF2A7 /* NatureObject.hpp */ = {isa = PBXFileReference; fileEncoding = 4; lastKnownFileType = sourcecode.cpp.h; path = NatureObject.hpp; sourceTree = "<group>"; };
		78E2700511FA8F4100EEF2A7 /* NPC.hpp */ = {isa = PBXFileReference; fileEncoding = 4; lastKnownFileType = sourcecode.cpp.h; path = NPC.hpp; sourceTree = "<group>"; };
		78E2700611FA8F4100EEF2A7 /* Squad.hpp */ = {isa = PBXFileReference; fileEncoding = 4; lastKnownFileType = sourcecode.cpp.h; path = Squad.hpp; sourceTree = "<group>"; };
		78E2700711FA8F4100EEF2A7 /* StatusEffect.hpp */ = {isa = PBXFileReference; fileEncoding = 4; lastKnownFileType = sourcecode.cpp.h; path = StatusEffect.hpp; sourceTree = "<group>"; };
		78E2700811FA8F4100EEF2A7 /* stdafx.hpp */ = {isa = PBXFileReference; fileEncoding = 4; lastKnownFileType = sourcecode.cpp.h; path = stdafx.hpp; sourceTree = "<group>"; };
		78E2700911FA8F4100EEF2A7 /* StockManager.hpp */ = {isa = PBXFileReference; fileEncoding = 4; lastKnownFileType = sourcecode.cpp.h; path = StockManager.hpp; sourceTree = "<group>"; };
		78E2700A11FA8F4100EEF2A7 /* Stockpile.hpp */ = {isa = PBXFileReference; fileEncoding = 4; lastKnownFileType = sourcecode.cpp.h; path = Stockpile.hpp; sourceTree = "<group>"; };
		78E2700B11FA8F4100EEF2A7 /* Tile.hpp */ = {isa = PBXFileReference; fileEncoding = 4; lastKnownFileType = sourcecode.cpp.h; path = Tile.hpp; sourceTree = "<group>"; };
		78E2700C11FA8F4100EEF2A7 /* UI.hpp */ = {isa = PBXFileReference; fileEncoding = 4; lastKnownFileType = sourcecode.cpp.h; path = UI.hpp; sourceTree = "<group>"; };
		78E2700D11FA8F4100EEF2A7 /* Water.hpp */ = {isa = PBXFileReference; fileEncoding = 4; lastKnownFileType = sourcecode.cpp.h; path = Water.hpp; sourceTree = "<group>"; };
		78E2700E11FA8F4100EEF2A7 /* items.dat */ = {isa = PBXFileReference; fileEncoding = 4; lastKnownFileType = text; path = items.dat; sourceTree = "<group>"; };
		78E2700F11FA8F4100EEF2A7 /* LIBTCOD-LICENSE.txt */ = {isa = PBXFileReference; fileEncoding = 4; lastKnownFileType = text; path = "LIBTCOD-LICENSE.txt"; sourceTree = "<group>"; };
		78E2701011FA8F4100EEF2A7 /* names.dat */ = {isa = PBXFileReference; fileEncoding = 4; lastKnownFileType = text; path = names.dat; sourceTree = "<group>"; };
		78E2701111FA8F4100EEF2A7 /* Readme.txt */ = {isa = PBXFileReference; fileEncoding = 4; lastKnownFileType = text; path = Readme.txt; sourceTree = "<group>"; };
		78E2701211FA8F4100EEF2A7 /* resource.h */ = {isa = PBXFileReference; fileEncoding = 4; lastKnownFileType = sourcecode.c.h; path = resource.h; sourceTree = "<group>"; };
		78E2701411FA8F4100EEF2A7 /* Announce.cpp */ = {isa = PBXFileReference; fileEncoding = 4; lastKnownFileType = sourcecode.cpp.cpp; path = Announce.cpp; sourceTree = "<group>"; };
		78E2701511FA8F4100EEF2A7 /* Attack.cpp */ = {isa = PBXFileReference; fileEncoding = 4; lastKnownFileType = sourcecode.cpp.cpp; path = Attack.cpp; sourceTree = "<group>"; };
		78E2701611FA8F4100EEF2A7 /* Blood.cpp */ = {isa = PBXFileReference; fileEncoding = 4; lastKnownFileType = sourcecode.cpp.cpp; path = Blood.cpp; sourceTree = "<group>"; };
		78E2701711FA8F4100EEF2A7 /* Camp.cpp */ = {isa = PBXFileReference; fileEncoding = 4; lastKnownFileType = sourcecode.cpp.cpp; path = Camp.cpp; sourceTree = "<group>"; };
		78E2701811FA8F4100EEF2A7 /* Construction.cpp */ = {isa = PBXFileReference; fileEncoding = 4; lastKnownFileType = sourcecode.cpp.cpp; path = Construction.cpp; sourceTree = "<group>"; };
		78E2701911FA8F4100EEF2A7 /* Container.cpp */ = {isa = PBXFileReference; fileEncoding = 4; lastKnownFileType = sourcecode.cpp.cpp; path = Container.cpp; sourceTree = "<group>"; };
		78E2701A11FA8F4100EEF2A7 /* Coordinate.cpp */ = {isa = PBXFileReference; fileEncoding = 4; lastKnownFileType = sourcecode.cpp.cpp; path = Coordinate.cpp; sourceTree = "<group>"; };
		78E2701B11FA8F4100EEF2A7 /* Data.cpp */ = {isa = PBXFileReference; fileEncoding = 4; lastKnownFileType = sourcecode.cpp.cpp; path = Data.cpp; sourceTree = "<group>"; };
		78E2701C11FA8F4100EEF2A7 /* Door.cpp */ = {isa = PBXFileReference; fileEncoding = 4; lastKnownFileType = sourcecode.cpp.cpp; path = Door.cpp; sourceTree = "<group>"; };
		78E2701D11FA8F4100EEF2A7 /* Entity.cpp */ = {isa = PBXFileReference; fileEncoding = 4; lastKnownFileType = sourcecode.cpp.cpp; path = Entity.cpp; sourceTree = "<group>"; };
		78E2701E11FA8F4100EEF2A7 /* Events.cpp */ = {isa = PBXFileReference; fileEncoding = 4; lastKnownFileType = sourcecode.cpp.cpp; path = Events.cpp; sourceTree = "<group>"; };
		78E2701F11FA8F4100EEF2A7 /* Farmplot.cpp */ = {isa = PBXFileReference; fileEncoding = 4; lastKnownFileType = sourcecode.cpp.cpp; path = Farmplot.cpp; sourceTree = "<group>"; };
		78E2702011FA8F4100EEF2A7 /* Filth.cpp */ = {isa = PBXFileReference; fileEncoding = 4; lastKnownFileType = sourcecode.cpp.cpp; path = Filth.cpp; sourceTree = "<group>"; };
		78E2702111FA8F4100EEF2A7 /* Game.cpp */ = {isa = PBXFileReference; fileEncoding = 4; lastKnownFileType = sourcecode.cpp.cpp; path = Game.cpp; sourceTree = "<group>"; };
		78E2702211FA8F4100EEF2A7 /* GCamp.cpp */ = {isa = PBXFileReference; fileEncoding = 4; lastKnownFileType = sourcecode.cpp.cpp; path = GCamp.cpp; sourceTree = "<group>"; };
		78E2702311FA8F4100EEF2A7 /* Item.cpp */ = {isa = PBXFileReference; fileEncoding = 4; lastKnownFileType = sourcecode.cpp.cpp; path = Item.cpp; sourceTree = "<group>"; };
		78E2702411FA8F4100EEF2A7 /* Job.cpp */ = {isa = PBXFileReference; fileEncoding = 4; lastKnownFileType = sourcecode.cpp.cpp; path = Job.cpp; sourceTree = "<group>"; };
		78E2702511FA8F4100EEF2A7 /* JobManager.cpp */ = {isa = PBXFileReference; fileEncoding = 4; lastKnownFileType = sourcecode.cpp.cpp; path = JobManager.cpp; sourceTree = "<group>"; };
		78E2702611FA8F4100EEF2A7 /* Logger.cpp */ = {isa = PBXFileReference; fileEncoding = 4; lastKnownFileType = sourcecode.cpp.cpp; path = Logger.cpp; sourceTree = "<group>"; };
		78E2702711FA8F4100EEF2A7 /* Map.cpp */ = {isa = PBXFileReference; fileEncoding = 4; lastKnownFileType = sourcecode.cpp.cpp; path = Map.cpp; sourceTree = "<group>"; };
		78E2702911FA8F4100EEF2A7 /* NatureObject.cpp */ = {isa = PBXFileReference; fileEncoding = 4; lastKnownFileType = sourcecode.cpp.cpp; path = NatureObject.cpp; sourceTree = "<group>"; };
		78E2702A11FA8F4100EEF2A7 /* NPC.cpp */ = {isa = PBXFileReference; fileEncoding = 4; lastKnownFileType = sourcecode.cpp.cpp; path = NPC.cpp; sourceTree = "<group>"; };
		78E2702B11FA8F4100EEF2A7 /* Serialization.cpp */ = {isa = PBXFileReference; fileEncoding = 4; lastKnownFileType = sourcecode.cpp.cpp; path = Serialization.cpp; sourceTree = "<group>"; };
		78E2702C11FA8F4100EEF2A7 /* Squad.cpp */ = {isa = PBXFileReference; fileEncoding = 4; lastKnownFileType = sourcecode.cpp.cpp; path = Squad.cpp; sourceTree = "<group>"; };
		78E2702D11FA8F4100EEF2A7 /* StatusEffect.cpp */ = {isa = PBXFileReference; fileEncoding = 4; lastKnownFileType = sourcecode.cpp.cpp; path = StatusEffect.cpp; sourceTree = "<group>"; };
		78E2702E11FA8F4100EEF2A7 /* StockManager.cpp */ = {isa = PBXFileReference; fileEncoding = 4; lastKnownFileType = sourcecode.cpp.cpp; path = StockManager.cpp; sourceTree = "<group>"; };
		78E2702F11FA8F4100EEF2A7 /* Stockpile.cpp */ = {isa = PBXFileReference; fileEncoding = 4; lastKnownFileType = sourcecode.cpp.cpp; path = Stockpile.cpp; sourceTree = "<group>"; };
		78E2703011FA8F4100EEF2A7 /* Tile.cpp */ = {isa = PBXFileReference; fileEncoding = 4; lastKnownFileType = sourcecode.cpp.cpp; path = Tile.cpp; sourceTree = "<group>"; };
		78E2703111FA8F4100EEF2A7 /* UI.cpp */ = {isa = PBXFileReference; fileEncoding = 4; lastKnownFileType = sourcecode.cpp.cpp; path = UI.cpp; sourceTree = "<group>"; };
		78E2703211FA8F4100EEF2A7 /* Water.cpp */ = {isa = PBXFileReference; fileEncoding = 4; lastKnownFileType = sourcecode.cpp.cpp; path = Water.cpp; sourceTree = "<group>"; };
		78E2703411FA8F4100EEF2A7 /* terminal.png */ = {isa = PBXFileReference; lastKnownFileType = image.png; path = terminal.png; sourceTree = "<group>"; };
		78E2703511FA8F4100EEF2A7 /* wildplants.dat */ = {isa = PBXFileReference; fileEncoding = 4; lastKnownFileType = text; path = wildplants.dat; sourceTree = "<group>"; };
		78E2705611FA8F4100EEF2A7 /* Goblin Camp */ = {isa = PBXFileReference; explicitFileType = "compiled.mach-o.executable"; includeInIndex = 0; path = "Goblin Camp"; sourceTree = BUILT_PRODUCTS_DIR; };
		78E2731911FA9EFD00EEF2A7 /* libtcod.framework */ = {isa = PBXFileReference; lastKnownFileType = wrapper.framework; name = libtcod.framework; path = /Library/Frameworks/libtcod.framework; sourceTree = "<absolute>"; };
		78E2739811FAA31C00EEF2A7 /* Carbon.framework */ = {isa = PBXFileReference; lastKnownFileType = wrapper.framework; name = Carbon.framework; path = System/Library/Frameworks/Carbon.framework; sourceTree = SDKROOT; };
		78E274A411FB32EA00EEF2A7 /* libboost_date_time-d.dylib */ = {isa = PBXFileReference; lastKnownFileType = "compiled.mach-o.dylib"; name = "libboost_date_time-d.dylib"; path = "/opt/local/lib/libboost_date_time-d.dylib"; sourceTree = "<absolute>"; };
		78E274A611FB32EA00EEF2A7 /* libboost_date_time-mt-d.dylib */ = {isa = PBXFileReference; lastKnownFileType = "compiled.mach-o.dylib"; name = "libboost_date_time-mt-d.dylib"; path = "/opt/local/lib/libboost_date_time-mt-d.dylib"; sourceTree = "<absolute>"; };
		78E274A811FB32EA00EEF2A7 /* libboost_date_time-mt.dylib */ = {isa = PBXFileReference; lastKnownFileType = "compiled.mach-o.dylib"; name = "libboost_date_time-mt.dylib"; path = "/opt/local/lib/libboost_date_time-mt.dylib"; sourceTree = "<absolute>"; };
		78E274AA11FB32EA00EEF2A7 /* libboost_date_time.dylib */ = {isa = PBXFileReference; lastKnownFileType = "compiled.mach-o.dylib"; name = libboost_date_time.dylib; path = /opt/local/lib/libboost_date_time.dylib; sourceTree = "<absolute>"; };
		78E274AC11FB32EA00EEF2A7 /* libboost_filesystem-d.dylib */ = {isa = PBXFileReference; lastKnownFileType = "compiled.mach-o.dylib"; name = "libboost_filesystem-d.dylib"; path = "/opt/local/lib/libboost_filesystem-d.dylib"; sourceTree = "<absolute>"; };
		78E274AE11FB32EA00EEF2A7 /* libboost_filesystem-mt-d.dylib */ = {isa = PBXFileReference; lastKnownFileType = "compiled.mach-o.dylib"; name = "libboost_filesystem-mt-d.dylib"; path = "/opt/local/lib/libboost_filesystem-mt-d.dylib"; sourceTree = "<absolute>"; };
		78E274B011FB32EA00EEF2A7 /* libboost_filesystem-mt.dylib */ = {isa = PBXFileReference; lastKnownFileType = "compiled.mach-o.dylib"; name = "libboost_filesystem-mt.dylib"; path = "/opt/local/lib/libboost_filesystem-mt.dylib"; sourceTree = "<absolute>"; };
		78E274B211FB32EA00EEF2A7 /* libboost_filesystem.dylib */ = {isa = PBXFileReference; lastKnownFileType = "compiled.mach-o.dylib"; name = libboost_filesystem.dylib; path = /opt/local/lib/libboost_filesystem.dylib; sourceTree = "<absolute>"; };
		78E274B411FB32EB00EEF2A7 /* libboost_graph-d.dylib */ = {isa = PBXFileReference; lastKnownFileType = "compiled.mach-o.dylib"; name = "libboost_graph-d.dylib"; path = "/opt/local/lib/libboost_graph-d.dylib"; sourceTree = "<absolute>"; };
		78E274B611FB32EB00EEF2A7 /* libboost_graph-mt-d.dylib */ = {isa = PBXFileReference; lastKnownFileType = "compiled.mach-o.dylib"; name = "libboost_graph-mt-d.dylib"; path = "/opt/local/lib/libboost_graph-mt-d.dylib"; sourceTree = "<absolute>"; };
		78E274B811FB32EB00EEF2A7 /* libboost_graph-mt.dylib */ = {isa = PBXFileReference; lastKnownFileType = "compiled.mach-o.dylib"; name = "libboost_graph-mt.dylib"; path = "/opt/local/lib/libboost_graph-mt.dylib"; sourceTree = "<absolute>"; };
		78E274BA11FB32EB00EEF2A7 /* libboost_graph.dylib */ = {isa = PBXFileReference; lastKnownFileType = "compiled.mach-o.dylib"; name = libboost_graph.dylib; path = /opt/local/lib/libboost_graph.dylib; sourceTree = "<absolute>"; };
		78E274BC11FB32EB00EEF2A7 /* libboost_iostreams-d.dylib */ = {isa = PBXFileReference; lastKnownFileType = "compiled.mach-o.dylib"; name = "libboost_iostreams-d.dylib"; path = "/opt/local/lib/libboost_iostreams-d.dylib"; sourceTree = "<absolute>"; };
		78E274BE11FB32EB00EEF2A7 /* libboost_iostreams-mt-d.dylib */ = {isa = PBXFileReference; lastKnownFileType = "compiled.mach-o.dylib"; name = "libboost_iostreams-mt-d.dylib"; path = "/opt/local/lib/libboost_iostreams-mt-d.dylib"; sourceTree = "<absolute>"; };
		78E274C011FB32EB00EEF2A7 /* libboost_iostreams-mt.dylib */ = {isa = PBXFileReference; lastKnownFileType = "compiled.mach-o.dylib"; name = "libboost_iostreams-mt.dylib"; path = "/opt/local/lib/libboost_iostreams-mt.dylib"; sourceTree = "<absolute>"; };
		78E274C211FB32EB00EEF2A7 /* libboost_iostreams.dylib */ = {isa = PBXFileReference; lastKnownFileType = "compiled.mach-o.dylib"; name = libboost_iostreams.dylib; path = /opt/local/lib/libboost_iostreams.dylib; sourceTree = "<absolute>"; };
		78E274C411FB32EB00EEF2A7 /* libboost_math_c99-d.dylib */ = {isa = PBXFileReference; lastKnownFileType = "compiled.mach-o.dylib"; name = "libboost_math_c99-d.dylib"; path = "/opt/local/lib/libboost_math_c99-d.dylib"; sourceTree = "<absolute>"; };
		78E274C611FB32EB00EEF2A7 /* libboost_math_c99-mt-d.dylib */ = {isa = PBXFileReference; lastKnownFileType = "compiled.mach-o.dylib"; name = "libboost_math_c99-mt-d.dylib"; path = "/opt/local/lib/libboost_math_c99-mt-d.dylib"; sourceTree = "<absolute>"; };
		78E274C811FB32EB00EEF2A7 /* libboost_math_c99-mt.dylib */ = {isa = PBXFileReference; lastKnownFileType = "compiled.mach-o.dylib"; name = "libboost_math_c99-mt.dylib"; path = "/opt/local/lib/libboost_math_c99-mt.dylib"; sourceTree = "<absolute>"; };
		78E274CA11FB32EB00EEF2A7 /* libboost_math_c99.dylib */ = {isa = PBXFileReference; lastKnownFileType = "compiled.mach-o.dylib"; name = libboost_math_c99.dylib; path = /opt/local/lib/libboost_math_c99.dylib; sourceTree = "<absolute>"; };
		78E274CC11FB32EB00EEF2A7 /* libboost_math_c99f-d.dylib */ = {isa = PBXFileReference; lastKnownFileType = "compiled.mach-o.dylib"; name = "libboost_math_c99f-d.dylib"; path = "/opt/local/lib/libboost_math_c99f-d.dylib"; sourceTree = "<absolute>"; };
		78E274CE11FB32EB00EEF2A7 /* libboost_math_c99f-mt-d.dylib */ = {isa = PBXFileReference; lastKnownFileType = "compiled.mach-o.dylib"; name = "libboost_math_c99f-mt-d.dylib"; path = "/opt/local/lib/libboost_math_c99f-mt-d.dylib"; sourceTree = "<absolute>"; };
		78E274D011FB32EB00EEF2A7 /* libboost_math_c99f-mt.dylib */ = {isa = PBXFileReference; lastKnownFileType = "compiled.mach-o.dylib"; name = "libboost_math_c99f-mt.dylib"; path = "/opt/local/lib/libboost_math_c99f-mt.dylib"; sourceTree = "<absolute>"; };
		78E274D211FB32EB00EEF2A7 /* libboost_math_c99f.dylib */ = {isa = PBXFileReference; lastKnownFileType = "compiled.mach-o.dylib"; name = libboost_math_c99f.dylib; path = /opt/local/lib/libboost_math_c99f.dylib; sourceTree = "<absolute>"; };
		78E274D411FB32EB00EEF2A7 /* libboost_math_c99l-d.dylib */ = {isa = PBXFileReference; lastKnownFileType = "compiled.mach-o.dylib"; name = "libboost_math_c99l-d.dylib"; path = "/opt/local/lib/libboost_math_c99l-d.dylib"; sourceTree = "<absolute>"; };
		78E274D611FB32EB00EEF2A7 /* libboost_math_c99l-mt-d.dylib */ = {isa = PBXFileReference; lastKnownFileType = "compiled.mach-o.dylib"; name = "libboost_math_c99l-mt-d.dylib"; path = "/opt/local/lib/libboost_math_c99l-mt-d.dylib"; sourceTree = "<absolute>"; };
		78E274D811FB32EB00EEF2A7 /* libboost_math_c99l-mt.dylib */ = {isa = PBXFileReference; lastKnownFileType = "compiled.mach-o.dylib"; name = "libboost_math_c99l-mt.dylib"; path = "/opt/local/lib/libboost_math_c99l-mt.dylib"; sourceTree = "<absolute>"; };
		78E274DA11FB32EB00EEF2A7 /* libboost_math_c99l.dylib */ = {isa = PBXFileReference; lastKnownFileType = "compiled.mach-o.dylib"; name = libboost_math_c99l.dylib; path = /opt/local/lib/libboost_math_c99l.dylib; sourceTree = "<absolute>"; };
		78E274DC11FB32EB00EEF2A7 /* libboost_math_tr1-d.dylib */ = {isa = PBXFileReference; lastKnownFileType = "compiled.mach-o.dylib"; name = "libboost_math_tr1-d.dylib"; path = "/opt/local/lib/libboost_math_tr1-d.dylib"; sourceTree = "<absolute>"; };
		78E274DE11FB32EB00EEF2A7 /* libboost_math_tr1-mt-d.dylib */ = {isa = PBXFileReference; lastKnownFileType = "compiled.mach-o.dylib"; name = "libboost_math_tr1-mt-d.dylib"; path = "/opt/local/lib/libboost_math_tr1-mt-d.dylib"; sourceTree = "<absolute>"; };
		78E274E011FB32EB00EEF2A7 /* libboost_math_tr1-mt.dylib */ = {isa = PBXFileReference; lastKnownFileType = "compiled.mach-o.dylib"; name = "libboost_math_tr1-mt.dylib"; path = "/opt/local/lib/libboost_math_tr1-mt.dylib"; sourceTree = "<absolute>"; };
		78E274E211FB32EB00EEF2A7 /* libboost_math_tr1.dylib */ = {isa = PBXFileReference; lastKnownFileType = "compiled.mach-o.dylib"; name = libboost_math_tr1.dylib; path = /opt/local/lib/libboost_math_tr1.dylib; sourceTree = "<absolute>"; };
		78E274E411FB32EB00EEF2A7 /* libboost_math_tr1f-d.dylib */ = {isa = PBXFileReference; lastKnownFileType = "compiled.mach-o.dylib"; name = "libboost_math_tr1f-d.dylib"; path = "/opt/local/lib/libboost_math_tr1f-d.dylib"; sourceTree = "<absolute>"; };
		78E274E611FB32EB00EEF2A7 /* libboost_math_tr1f-mt-d.dylib */ = {isa = PBXFileReference; lastKnownFileType = "compiled.mach-o.dylib"; name = "libboost_math_tr1f-mt-d.dylib"; path = "/opt/local/lib/libboost_math_tr1f-mt-d.dylib"; sourceTree = "<absolute>"; };
		78E274E811FB32EB00EEF2A7 /* libboost_math_tr1f-mt.dylib */ = {isa = PBXFileReference; lastKnownFileType = "compiled.mach-o.dylib"; name = "libboost_math_tr1f-mt.dylib"; path = "/opt/local/lib/libboost_math_tr1f-mt.dylib"; sourceTree = "<absolute>"; };
		78E274EA11FB32EB00EEF2A7 /* libboost_math_tr1f.dylib */ = {isa = PBXFileReference; lastKnownFileType = "compiled.mach-o.dylib"; name = libboost_math_tr1f.dylib; path = /opt/local/lib/libboost_math_tr1f.dylib; sourceTree = "<absolute>"; };
		78E274EC11FB32EB00EEF2A7 /* libboost_math_tr1l-d.dylib */ = {isa = PBXFileReference; lastKnownFileType = "compiled.mach-o.dylib"; name = "libboost_math_tr1l-d.dylib"; path = "/opt/local/lib/libboost_math_tr1l-d.dylib"; sourceTree = "<absolute>"; };
		78E274EE11FB32EB00EEF2A7 /* libboost_math_tr1l-mt-d.dylib */ = {isa = PBXFileReference; lastKnownFileType = "compiled.mach-o.dylib"; name = "libboost_math_tr1l-mt-d.dylib"; path = "/opt/local/lib/libboost_math_tr1l-mt-d.dylib"; sourceTree = "<absolute>"; };
		78E274F011FB32EB00EEF2A7 /* libboost_math_tr1l-mt.dylib */ = {isa = PBXFileReference; lastKnownFileType = "compiled.mach-o.dylib"; name = "libboost_math_tr1l-mt.dylib"; path = "/opt/local/lib/libboost_math_tr1l-mt.dylib"; sourceTree = "<absolute>"; };
		78E274F211FB32EB00EEF2A7 /* libboost_math_tr1l.dylib */ = {isa = PBXFileReference; lastKnownFileType = "compiled.mach-o.dylib"; name = libboost_math_tr1l.dylib; path = /opt/local/lib/libboost_math_tr1l.dylib; sourceTree = "<absolute>"; };
		78E274F411FB32EB00EEF2A7 /* libboost_prg_exec_monitor-d.dylib */ = {isa = PBXFileReference; lastKnownFileType = "compiled.mach-o.dylib"; name = "libboost_prg_exec_monitor-d.dylib"; path = "/opt/local/lib/libboost_prg_exec_monitor-d.dylib"; sourceTree = "<absolute>"; };
		78E274F611FB32EB00EEF2A7 /* libboost_prg_exec_monitor-mt-d.dylib */ = {isa = PBXFileReference; lastKnownFileType = "compiled.mach-o.dylib"; name = "libboost_prg_exec_monitor-mt-d.dylib"; path = "/opt/local/lib/libboost_prg_exec_monitor-mt-d.dylib"; sourceTree = "<absolute>"; };
		78E274F811FB32EB00EEF2A7 /* libboost_prg_exec_monitor-mt.dylib */ = {isa = PBXFileReference; lastKnownFileType = "compiled.mach-o.dylib"; name = "libboost_prg_exec_monitor-mt.dylib"; path = "/opt/local/lib/libboost_prg_exec_monitor-mt.dylib"; sourceTree = "<absolute>"; };
		78E274FA11FB32EB00EEF2A7 /* libboost_prg_exec_monitor.dylib */ = {isa = PBXFileReference; lastKnownFileType = "compiled.mach-o.dylib"; name = libboost_prg_exec_monitor.dylib; path = /opt/local/lib/libboost_prg_exec_monitor.dylib; sourceTree = "<absolute>"; };
		78E274FC11FB32EB00EEF2A7 /* libboost_program_options-d.dylib */ = {isa = PBXFileReference; lastKnownFileType = "compiled.mach-o.dylib"; name = "libboost_program_options-d.dylib"; path = "/opt/local/lib/libboost_program_options-d.dylib"; sourceTree = "<absolute>"; };
		78E274FE11FB32EB00EEF2A7 /* libboost_program_options-mt-d.dylib */ = {isa = PBXFileReference; lastKnownFileType = "compiled.mach-o.dylib"; name = "libboost_program_options-mt-d.dylib"; path = "/opt/local/lib/libboost_program_options-mt-d.dylib"; sourceTree = "<absolute>"; };
		78E2750011FB32EB00EEF2A7 /* libboost_program_options-mt.dylib */ = {isa = PBXFileReference; lastKnownFileType = "compiled.mach-o.dylib"; name = "libboost_program_options-mt.dylib"; path = "/opt/local/lib/libboost_program_options-mt.dylib"; sourceTree = "<absolute>"; };
		78E2750211FB32EB00EEF2A7 /* libboost_program_options.dylib */ = {isa = PBXFileReference; lastKnownFileType = "compiled.mach-o.dylib"; name = libboost_program_options.dylib; path = /opt/local/lib/libboost_program_options.dylib; sourceTree = "<absolute>"; };
		78E2750411FB32EB00EEF2A7 /* libboost_random-d.dylib */ = {isa = PBXFileReference; lastKnownFileType = "compiled.mach-o.dylib"; name = "libboost_random-d.dylib"; path = "/opt/local/lib/libboost_random-d.dylib"; sourceTree = "<absolute>"; };
		78E2750611FB32EB00EEF2A7 /* libboost_random-mt-d.dylib */ = {isa = PBXFileReference; lastKnownFileType = "compiled.mach-o.dylib"; name = "libboost_random-mt-d.dylib"; path = "/opt/local/lib/libboost_random-mt-d.dylib"; sourceTree = "<absolute>"; };
		78E2750811FB32EB00EEF2A7 /* libboost_random-mt.dylib */ = {isa = PBXFileReference; lastKnownFileType = "compiled.mach-o.dylib"; name = "libboost_random-mt.dylib"; path = "/opt/local/lib/libboost_random-mt.dylib"; sourceTree = "<absolute>"; };
		78E2750A11FB32EB00EEF2A7 /* libboost_random.dylib */ = {isa = PBXFileReference; lastKnownFileType = "compiled.mach-o.dylib"; name = libboost_random.dylib; path = /opt/local/lib/libboost_random.dylib; sourceTree = "<absolute>"; };
		78E2750C11FB32EB00EEF2A7 /* libboost_regex-d.dylib */ = {isa = PBXFileReference; lastKnownFileType = "compiled.mach-o.dylib"; name = "libboost_regex-d.dylib"; path = "/opt/local/lib/libboost_regex-d.dylib"; sourceTree = "<absolute>"; };
		78E2750E11FB32EB00EEF2A7 /* libboost_regex-mt-d.dylib */ = {isa = PBXFileReference; lastKnownFileType = "compiled.mach-o.dylib"; name = "libboost_regex-mt-d.dylib"; path = "/opt/local/lib/libboost_regex-mt-d.dylib"; sourceTree = "<absolute>"; };
		78E2751011FB32EB00EEF2A7 /* libboost_regex-mt.dylib */ = {isa = PBXFileReference; lastKnownFileType = "compiled.mach-o.dylib"; name = "libboost_regex-mt.dylib"; path = "/opt/local/lib/libboost_regex-mt.dylib"; sourceTree = "<absolute>"; };
		78E2751211FB32EB00EEF2A7 /* libboost_regex.dylib */ = {isa = PBXFileReference; lastKnownFileType = "compiled.mach-o.dylib"; name = libboost_regex.dylib; path = /opt/local/lib/libboost_regex.dylib; sourceTree = "<absolute>"; };
		78E2751411FB32EB00EEF2A7 /* libboost_serialization-d.dylib */ = {isa = PBXFileReference; lastKnownFileType = "compiled.mach-o.dylib"; name = "libboost_serialization-d.dylib"; path = "/opt/local/lib/libboost_serialization-d.dylib"; sourceTree = "<absolute>"; };
		78E2751611FB32EB00EEF2A7 /* libboost_serialization-mt-d.dylib */ = {isa = PBXFileReference; lastKnownFileType = "compiled.mach-o.dylib"; name = "libboost_serialization-mt-d.dylib"; path = "/opt/local/lib/libboost_serialization-mt-d.dylib"; sourceTree = "<absolute>"; };
		78E2751811FB32EC00EEF2A7 /* libboost_serialization-mt.dylib */ = {isa = PBXFileReference; lastKnownFileType = "compiled.mach-o.dylib"; name = "libboost_serialization-mt.dylib"; path = "/opt/local/lib/libboost_serialization-mt.dylib"; sourceTree = "<absolute>"; };
		78E2751A11FB32EC00EEF2A7 /* libboost_serialization.dylib */ = {isa = PBXFileReference; lastKnownFileType = "compiled.mach-o.dylib"; name = libboost_serialization.dylib; path = /opt/local/lib/libboost_serialization.dylib; sourceTree = "<absolute>"; };
		78E2751C11FB32EC00EEF2A7 /* libboost_signals-d.dylib */ = {isa = PBXFileReference; lastKnownFileType = "compiled.mach-o.dylib"; name = "libboost_signals-d.dylib"; path = "/opt/local/lib/libboost_signals-d.dylib"; sourceTree = "<absolute>"; };
		78E2751E11FB32EC00EEF2A7 /* libboost_signals-mt-d.dylib */ = {isa = PBXFileReference; lastKnownFileType = "compiled.mach-o.dylib"; name = "libboost_signals-mt-d.dylib"; path = "/opt/local/lib/libboost_signals-mt-d.dylib"; sourceTree = "<absolute>"; };
		78E2752011FB32EC00EEF2A7 /* libboost_signals-mt.dylib */ = {isa = PBXFileReference; lastKnownFileType = "compiled.mach-o.dylib"; name = "libboost_signals-mt.dylib"; path = "/opt/local/lib/libboost_signals-mt.dylib"; sourceTree = "<absolute>"; };
		78E2752211FB32EC00EEF2A7 /* libboost_signals.dylib */ = {isa = PBXFileReference; lastKnownFileType = "compiled.mach-o.dylib"; name = libboost_signals.dylib; path = /opt/local/lib/libboost_signals.dylib; sourceTree = "<absolute>"; };
		78E2752411FB32EC00EEF2A7 /* libboost_system-d.dylib */ = {isa = PBXFileReference; lastKnownFileType = "compiled.mach-o.dylib"; name = "libboost_system-d.dylib"; path = "/opt/local/lib/libboost_system-d.dylib"; sourceTree = "<absolute>"; };
		78E2752611FB32EC00EEF2A7 /* libboost_system-mt-d.dylib */ = {isa = PBXFileReference; lastKnownFileType = "compiled.mach-o.dylib"; name = "libboost_system-mt-d.dylib"; path = "/opt/local/lib/libboost_system-mt-d.dylib"; sourceTree = "<absolute>"; };
		78E2752811FB32EC00EEF2A7 /* libboost_system-mt.dylib */ = {isa = PBXFileReference; lastKnownFileType = "compiled.mach-o.dylib"; name = "libboost_system-mt.dylib"; path = "/opt/local/lib/libboost_system-mt.dylib"; sourceTree = "<absolute>"; };
		78E2752A11FB32EC00EEF2A7 /* libboost_system.dylib */ = {isa = PBXFileReference; lastKnownFileType = "compiled.mach-o.dylib"; name = libboost_system.dylib; path = /opt/local/lib/libboost_system.dylib; sourceTree = "<absolute>"; };
		78E2752C11FB32EC00EEF2A7 /* libboost_thread-mt-d.dylib */ = {isa = PBXFileReference; lastKnownFileType = "compiled.mach-o.dylib"; name = "libboost_thread-mt-d.dylib"; path = "/opt/local/lib/libboost_thread-mt-d.dylib"; sourceTree = "<absolute>"; };
		78E2752E11FB32EC00EEF2A7 /* libboost_thread-mt.dylib */ = {isa = PBXFileReference; lastKnownFileType = "compiled.mach-o.dylib"; name = "libboost_thread-mt.dylib"; path = "/opt/local/lib/libboost_thread-mt.dylib"; sourceTree = "<absolute>"; };
		78E2753011FB32EC00EEF2A7 /* libboost_unit_test_framework-d.dylib */ = {isa = PBXFileReference; lastKnownFileType = "compiled.mach-o.dylib"; name = "libboost_unit_test_framework-d.dylib"; path = "/opt/local/lib/libboost_unit_test_framework-d.dylib"; sourceTree = "<absolute>"; };
		78E2753211FB32EC00EEF2A7 /* libboost_unit_test_framework-mt-d.dylib */ = {isa = PBXFileReference; lastKnownFileType = "compiled.mach-o.dylib"; name = "libboost_unit_test_framework-mt-d.dylib"; path = "/opt/local/lib/libboost_unit_test_framework-mt-d.dylib"; sourceTree = "<absolute>"; };
		78E2753411FB32EC00EEF2A7 /* libboost_unit_test_framework-mt.dylib */ = {isa = PBXFileReference; lastKnownFileType = "compiled.mach-o.dylib"; name = "libboost_unit_test_framework-mt.dylib"; path = "/opt/local/lib/libboost_unit_test_framework-mt.dylib"; sourceTree = "<absolute>"; };
		78E2753611FB32EC00EEF2A7 /* libboost_unit_test_framework.dylib */ = {isa = PBXFileReference; lastKnownFileType = "compiled.mach-o.dylib"; name = libboost_unit_test_framework.dylib; path = /opt/local/lib/libboost_unit_test_framework.dylib; sourceTree = "<absolute>"; };
		78E2753811FB32EC00EEF2A7 /* libboost_wave-d.dylib */ = {isa = PBXFileReference; lastKnownFileType = "compiled.mach-o.dylib"; name = "libboost_wave-d.dylib"; path = "/opt/local/lib/libboost_wave-d.dylib"; sourceTree = "<absolute>"; };
		78E2753A11FB32EC00EEF2A7 /* libboost_wave-mt-d.dylib */ = {isa = PBXFileReference; lastKnownFileType = "compiled.mach-o.dylib"; name = "libboost_wave-mt-d.dylib"; path = "/opt/local/lib/libboost_wave-mt-d.dylib"; sourceTree = "<absolute>"; };
		78E2753C11FB32EC00EEF2A7 /* libboost_wave-mt.dylib */ = {isa = PBXFileReference; lastKnownFileType = "compiled.mach-o.dylib"; name = "libboost_wave-mt.dylib"; path = "/opt/local/lib/libboost_wave-mt.dylib"; sourceTree = "<absolute>"; };
		78E2753E11FB32EC00EEF2A7 /* libboost_wave.dylib */ = {isa = PBXFileReference; lastKnownFileType = "compiled.mach-o.dylib"; name = libboost_wave.dylib; path = /opt/local/lib/libboost_wave.dylib; sourceTree = "<absolute>"; };
		78E2754011FB32EC00EEF2A7 /* libboost_wserialization-d.dylib */ = {isa = PBXFileReference; lastKnownFileType = "compiled.mach-o.dylib"; name = "libboost_wserialization-d.dylib"; path = "/opt/local/lib/libboost_wserialization-d.dylib"; sourceTree = "<absolute>"; };
		78E2754211FB32EC00EEF2A7 /* libboost_wserialization-mt-d.dylib */ = {isa = PBXFileReference; lastKnownFileType = "compiled.mach-o.dylib"; name = "libboost_wserialization-mt-d.dylib"; path = "/opt/local/lib/libboost_wserialization-mt-d.dylib"; sourceTree = "<absolute>"; };
		78E2754411FB32EC00EEF2A7 /* libboost_wserialization-mt.dylib */ = {isa = PBXFileReference; lastKnownFileType = "compiled.mach-o.dylib"; name = "libboost_wserialization-mt.dylib"; path = "/opt/local/lib/libboost_wserialization-mt.dylib"; sourceTree = "<absolute>"; };
		78E2754611FB32EC00EEF2A7 /* libboost_wserialization.dylib */ = {isa = PBXFileReference; lastKnownFileType = "compiled.mach-o.dylib"; name = libboost_wserialization.dylib; path = /opt/local/lib/libboost_wserialization.dylib; sourceTree = "<absolute>"; };
/* End PBXFileReference section */

/* Begin PBXFrameworksBuildPhase section */
		8DD76F660486A84900D96B5E /* Frameworks */ = {
			isa = PBXFrameworksBuildPhase;
			buildActionMask = 2147483647;
			files = (
				78E2731A11FA9EFD00EEF2A7 /* libtcod.framework in Frameworks */,
				78E2739911FAA31C00EEF2A7 /* Carbon.framework in Frameworks */,
				78E274A511FB32EA00EEF2A7 /* libboost_date_time-d.dylib in Frameworks */,
				78E274A711FB32EA00EEF2A7 /* libboost_date_time-mt-d.dylib in Frameworks */,
				78E274A911FB32EA00EEF2A7 /* libboost_date_time-mt.dylib in Frameworks */,
				78E274AB11FB32EA00EEF2A7 /* libboost_date_time.dylib in Frameworks */,
				78E274AD11FB32EA00EEF2A7 /* libboost_filesystem-d.dylib in Frameworks */,
				78E274AF11FB32EA00EEF2A7 /* libboost_filesystem-mt-d.dylib in Frameworks */,
				78E274B111FB32EA00EEF2A7 /* libboost_filesystem-mt.dylib in Frameworks */,
				78E274B311FB32EA00EEF2A7 /* libboost_filesystem.dylib in Frameworks */,
				78E274B511FB32EB00EEF2A7 /* libboost_graph-d.dylib in Frameworks */,
				78E274B711FB32EB00EEF2A7 /* libboost_graph-mt-d.dylib in Frameworks */,
				78E274B911FB32EB00EEF2A7 /* libboost_graph-mt.dylib in Frameworks */,
				78E274BB11FB32EB00EEF2A7 /* libboost_graph.dylib in Frameworks */,
				78E274BD11FB32EB00EEF2A7 /* libboost_iostreams-d.dylib in Frameworks */,
				78E274BF11FB32EB00EEF2A7 /* libboost_iostreams-mt-d.dylib in Frameworks */,
				78E274C111FB32EB00EEF2A7 /* libboost_iostreams-mt.dylib in Frameworks */,
				78E274C311FB32EB00EEF2A7 /* libboost_iostreams.dylib in Frameworks */,
				78E274C511FB32EB00EEF2A7 /* libboost_math_c99-d.dylib in Frameworks */,
				78E274C711FB32EB00EEF2A7 /* libboost_math_c99-mt-d.dylib in Frameworks */,
				78E274C911FB32EB00EEF2A7 /* libboost_math_c99-mt.dylib in Frameworks */,
				78E274CB11FB32EB00EEF2A7 /* libboost_math_c99.dylib in Frameworks */,
				78E274CD11FB32EB00EEF2A7 /* libboost_math_c99f-d.dylib in Frameworks */,
				78E274CF11FB32EB00EEF2A7 /* libboost_math_c99f-mt-d.dylib in Frameworks */,
				78E274D111FB32EB00EEF2A7 /* libboost_math_c99f-mt.dylib in Frameworks */,
				78E274D311FB32EB00EEF2A7 /* libboost_math_c99f.dylib in Frameworks */,
				78E274D511FB32EB00EEF2A7 /* libboost_math_c99l-d.dylib in Frameworks */,
				78E274D711FB32EB00EEF2A7 /* libboost_math_c99l-mt-d.dylib in Frameworks */,
				78E274D911FB32EB00EEF2A7 /* libboost_math_c99l-mt.dylib in Frameworks */,
				78E274DB11FB32EB00EEF2A7 /* libboost_math_c99l.dylib in Frameworks */,
				78E274DD11FB32EB00EEF2A7 /* libboost_math_tr1-d.dylib in Frameworks */,
				78E274DF11FB32EB00EEF2A7 /* libboost_math_tr1-mt-d.dylib in Frameworks */,
				78E274E111FB32EB00EEF2A7 /* libboost_math_tr1-mt.dylib in Frameworks */,
				78E274E311FB32EB00EEF2A7 /* libboost_math_tr1.dylib in Frameworks */,
				78E274E511FB32EB00EEF2A7 /* libboost_math_tr1f-d.dylib in Frameworks */,
				78E274E711FB32EB00EEF2A7 /* libboost_math_tr1f-mt-d.dylib in Frameworks */,
				78E274E911FB32EB00EEF2A7 /* libboost_math_tr1f-mt.dylib in Frameworks */,
				78E274EB11FB32EB00EEF2A7 /* libboost_math_tr1f.dylib in Frameworks */,
				78E274ED11FB32EB00EEF2A7 /* libboost_math_tr1l-d.dylib in Frameworks */,
				78E274EF11FB32EB00EEF2A7 /* libboost_math_tr1l-mt-d.dylib in Frameworks */,
				78E274F111FB32EB00EEF2A7 /* libboost_math_tr1l-mt.dylib in Frameworks */,
				78E274F311FB32EB00EEF2A7 /* libboost_math_tr1l.dylib in Frameworks */,
				78E274F511FB32EB00EEF2A7 /* libboost_prg_exec_monitor-d.dylib in Frameworks */,
				78E274F711FB32EB00EEF2A7 /* libboost_prg_exec_monitor-mt-d.dylib in Frameworks */,
				78E274F911FB32EB00EEF2A7 /* libboost_prg_exec_monitor-mt.dylib in Frameworks */,
				78E274FB11FB32EB00EEF2A7 /* libboost_prg_exec_monitor.dylib in Frameworks */,
				78E274FD11FB32EB00EEF2A7 /* libboost_program_options-d.dylib in Frameworks */,
				78E274FF11FB32EB00EEF2A7 /* libboost_program_options-mt-d.dylib in Frameworks */,
				78E2750111FB32EB00EEF2A7 /* libboost_program_options-mt.dylib in Frameworks */,
				78E2750311FB32EB00EEF2A7 /* libboost_program_options.dylib in Frameworks */,
				78E2750511FB32EB00EEF2A7 /* libboost_random-d.dylib in Frameworks */,
				78E2750711FB32EB00EEF2A7 /* libboost_random-mt-d.dylib in Frameworks */,
				78E2750911FB32EB00EEF2A7 /* libboost_random-mt.dylib in Frameworks */,
				78E2750B11FB32EB00EEF2A7 /* libboost_random.dylib in Frameworks */,
				78E2750D11FB32EB00EEF2A7 /* libboost_regex-d.dylib in Frameworks */,
				78E2750F11FB32EB00EEF2A7 /* libboost_regex-mt-d.dylib in Frameworks */,
				78E2751111FB32EB00EEF2A7 /* libboost_regex-mt.dylib in Frameworks */,
				78E2751311FB32EB00EEF2A7 /* libboost_regex.dylib in Frameworks */,
				78E2751511FB32EB00EEF2A7 /* libboost_serialization-d.dylib in Frameworks */,
				78E2751711FB32EB00EEF2A7 /* libboost_serialization-mt-d.dylib in Frameworks */,
				78E2751911FB32EC00EEF2A7 /* libboost_serialization-mt.dylib in Frameworks */,
				78E2751B11FB32EC00EEF2A7 /* libboost_serialization.dylib in Frameworks */,
				78E2751D11FB32EC00EEF2A7 /* libboost_signals-d.dylib in Frameworks */,
				78E2751F11FB32EC00EEF2A7 /* libboost_signals-mt-d.dylib in Frameworks */,
				78E2752111FB32EC00EEF2A7 /* libboost_signals-mt.dylib in Frameworks */,
				78E2752311FB32EC00EEF2A7 /* libboost_signals.dylib in Frameworks */,
				78E2752511FB32EC00EEF2A7 /* libboost_system-d.dylib in Frameworks */,
				78E2752711FB32EC00EEF2A7 /* libboost_system-mt-d.dylib in Frameworks */,
				78E2752911FB32EC00EEF2A7 /* libboost_system-mt.dylib in Frameworks */,
				78E2752B11FB32EC00EEF2A7 /* libboost_system.dylib in Frameworks */,
				78E2752D11FB32EC00EEF2A7 /* libboost_thread-mt-d.dylib in Frameworks */,
				78E2752F11FB32EC00EEF2A7 /* libboost_thread-mt.dylib in Frameworks */,
				78E2753111FB32EC00EEF2A7 /* libboost_unit_test_framework-d.dylib in Frameworks */,
				78E2753311FB32EC00EEF2A7 /* libboost_unit_test_framework-mt-d.dylib in Frameworks */,
				78E2753511FB32EC00EEF2A7 /* libboost_unit_test_framework-mt.dylib in Frameworks */,
				78E2753711FB32EC00EEF2A7 /* libboost_unit_test_framework.dylib in Frameworks */,
				78E2753911FB32EC00EEF2A7 /* libboost_wave-d.dylib in Frameworks */,
				78E2753B11FB32EC00EEF2A7 /* libboost_wave-mt-d.dylib in Frameworks */,
				78E2753D11FB32EC00EEF2A7 /* libboost_wave-mt.dylib in Frameworks */,
				78E2753F11FB32EC00EEF2A7 /* libboost_wave.dylib in Frameworks */,
				78E2754111FB32EC00EEF2A7 /* libboost_wserialization-d.dylib in Frameworks */,
				78E2754311FB32EC00EEF2A7 /* libboost_wserialization-mt-d.dylib in Frameworks */,
				78E2754511FB32EC00EEF2A7 /* libboost_wserialization-mt.dylib in Frameworks */,
				78E2754711FB32EC00EEF2A7 /* libboost_wserialization.dylib in Frameworks */,
			);
			runOnlyForDeploymentPostprocessing = 0;
		};
/* End PBXFrameworksBuildPhase section */

/* Begin PBXGroup section */
		08FB7794FE84155DC02AAC07 /* xcode */ = {
			isa = PBXGroup;
			children = (
				78E275A111FB37D400EEF2A7 /* lib */,
				78E26FE611FA8F4100EEF2A7 /* Goblin Camp */,
				1AB674ADFE9D54B511CA2CBB /* Products */,
			);
			name = xcode;
			sourceTree = "<group>";
		};
		1AB674ADFE9D54B511CA2CBB /* Products */ = {
			isa = PBXGroup;
			children = (
				78E2705611FA8F4100EEF2A7 /* Goblin Camp */,
			);
			name = Products;
			sourceTree = "<group>";
		};
		78B37C9912060A76003F23A8 /* osx */ = {
			isa = PBXGroup;
			children = (
				78B37C9A12060A76003F23A8 /* DataImpl.cpp */,
				78B37C9B12060A76003F23A8 /* main.cpp */,
			);
			path = osx;
			sourceTree = "<group>";
		};
		78B37C9C12060A76003F23A8 /* UI */ = {
			isa = PBXGroup;
			children = (
				78B37C9D12060A76003F23A8 /* AnnounceDialog.cpp */,
				78B37C9E12060A76003F23A8 /* ConstructionDialog.cpp */,
				78B37C9F12060A76003F23A8 /* JobDialog.cpp */,
				78B37CA012060A76003F23A8 /* Menu.cpp */,
				78B37CA212060A76003F23A8 /* NPCDialog.cpp */,
				78B37CA312060A76003F23A8 /* SquadsDialog.cpp */,
				78B37CA412060A76003F23A8 /* StockManagerDialog.cpp */,
				78B37CA512060A76003F23A8 /* UIComponents.cpp */,
				78B37CA612060A76003F23A8 /* YesNoDialog.cpp */,
				78B37D161210DD11003F23A8 /* Tooltip.cpp */,
				7821252E121E06E700F5C47E /* SideBar.cpp */,
			);
			path = UI;
			sourceTree = "<group>";
		};
		78B37CB212060A86003F23A8 /* UI */ = {
			isa = PBXGroup;
			children = (
				78B37CB312060A86003F23A8 /* AnnounceDialog.hpp */,
				78B37CB412060A86003F23A8 /* Button.hpp */,
				78B37CB512060A86003F23A8 /* ConstructionDialog.hpp */,
				78B37CB612060A86003F23A8 /* Dialog.hpp */,
				78B37CB712060A86003F23A8 /* Frame.hpp */,
				78B37CB812060A86003F23A8 /* Grid.hpp */,
				78B37CB912060A86003F23A8 /* JobDialog.hpp */,
				78B37CBA12060A86003F23A8 /* Label.hpp */,
				78B37CBB12060A86003F23A8 /* Menu.hpp */,
				78B37CBC12060A86003F23A8 /* NPCDialog.hpp */,
				78B37CBD12060A86003F23A8 /* ScrollPanel.hpp */,
				78B37CBE12060A86003F23A8 /* Spinner.hpp */,
				78B37CBF12060A86003F23A8 /* SquadsDialog.hpp */,
				78B37CC012060A86003F23A8 /* StockManagerDialog.hpp */,
				78B37CC112060A86003F23A8 /* TextBox.hpp */,
				78B37CC212060A86003F23A8 /* UIComponents.hpp */,
				78B37CC312060A86003F23A8 /* UIList.hpp */,
				78B37CC412060A86003F23A8 /* YesNoDialog.hpp */,
				78B37D151210DD01003F23A8 /* Tooltip.hpp */,
				7821252D121E06A300F5C47E /* SideBar.hpp */,
			);
			path = UI;
			sourceTree = "<group>";
		};
		78E26FE611FA8F4100EEF2A7 /* Goblin Camp */ = {
			isa = PBXGroup;
			children = (
				78E26FE711FA8F4100EEF2A7 /* config.ini */,
				78E26FE811FA8F4100EEF2A7 /* constructions.dat */,
				78E26FE911FA8F4100EEF2A7 /* COPYING.txt */,
				78E26FEA11FA8F4100EEF2A7 /* creatures.dat */,
				78E26FEB11FA8F4100EEF2A7 /* Goblin Camp.rc */,
				78E26FEC11FA8F4100EEF2A7 /* Goblin Camp.vcxproj */,
				78E26FED11FA8F4100EEF2A7 /* GoblinCamp.ico */,
				78E26FEE11FA8F4100EEF2A7 /* include */,
				78E2700E11FA8F4100EEF2A7 /* items.dat */,
				78E2700F11FA8F4100EEF2A7 /* LIBTCOD-LICENSE.txt */,
				78E2701011FA8F4100EEF2A7 /* names.dat */,
				78E2701111FA8F4100EEF2A7 /* Readme.txt */,
				78E2701211FA8F4100EEF2A7 /* resource.h */,
				78E2701311FA8F4100EEF2A7 /* src */,
				78E2703411FA8F4100EEF2A7 /* terminal.png */,
				78E2703511FA8F4100EEF2A7 /* wildplants.dat */,
				78212564121E0E1B00F5C47E /* keys.ini */,
			);
			path = "Goblin Camp";
			sourceTree = "<group>";
		};
		78E26FEE11FA8F4100EEF2A7 /* include */ = {
			isa = PBXGroup;
			children = (
				78B37CB212060A86003F23A8 /* UI */,
				78E26FEF11FA8F4100EEF2A7 /* Announce.hpp */,
				78E26FF011FA8F4100EEF2A7 /* Attack.hpp */,
				78E26FF111FA8F4100EEF2A7 /* Blood.hpp */,
				78E26FF211FA8F4100EEF2A7 /* Camp.hpp */,
				78E26FF311FA8F4100EEF2A7 /* Construction.hpp */,
				78E26FF411FA8F4100EEF2A7 /* Container.hpp */,
				78E26FF511FA8F4100EEF2A7 /* Coordinate.hpp */,
				78E26FF611FA8F4100EEF2A7 /* Data.hpp */,
				78E26FF711FA8F4100EEF2A7 /* Door.hpp */,
				78E26FF811FA8F4100EEF2A7 /* Entity.hpp */,
				78E26FF911FA8F4100EEF2A7 /* Events.hpp */,
				78E26FFA11FA8F4100EEF2A7 /* Farmplot.hpp */,
				78E26FFB11FA8F4100EEF2A7 /* Filth.hpp */,
				78E26FFC11FA8F4100EEF2A7 /* Game.hpp */,
				78E26FFD11FA8F4100EEF2A7 /* GCamp.hpp */,
				78E26FFE11FA8F4100EEF2A7 /* Item.hpp */,
				78E26FFF11FA8F4100EEF2A7 /* Job.hpp */,
				78E2700011FA8F4100EEF2A7 /* JobManager.hpp */,
				7862EB801234519800D09AEB /* KuhnMunkres.hpp */,
				78E2700111FA8F4100EEF2A7 /* Logger.hpp */,
				78E2700211FA8F4100EEF2A7 /* Map.hpp */,
				78E2700411FA8F4100EEF2A7 /* NatureObject.hpp */,
				78E2700511FA8F4100EEF2A7 /* NPC.hpp */,
				78E2700611FA8F4100EEF2A7 /* Squad.hpp */,
				78E2700711FA8F4100EEF2A7 /* StatusEffect.hpp */,
				78E2700811FA8F4100EEF2A7 /* stdafx.hpp */,
				78E2700911FA8F4100EEF2A7 /* StockManager.hpp */,
				78E2700A11FA8F4100EEF2A7 /* Stockpile.hpp */,
				78E2700B11FA8F4100EEF2A7 /* Tile.hpp */,
				78E2700C11FA8F4100EEF2A7 /* UI.hpp */,
				78E2700D11FA8F4100EEF2A7 /* Water.hpp */,
			);
			path = include;
			sourceTree = "<group>";
		};
		78E2701311FA8F4100EEF2A7 /* src */ = {
			isa = PBXGroup;
			children = (
				78B37C9912060A76003F23A8 /* osx */,
				78B37C9C12060A76003F23A8 /* UI */,
				78E2701411FA8F4100EEF2A7 /* Announce.cpp */,
				78E2701511FA8F4100EEF2A7 /* Attack.cpp */,
				78E2701611FA8F4100EEF2A7 /* Blood.cpp */,
				78E2701711FA8F4100EEF2A7 /* Camp.cpp */,
				78E2701811FA8F4100EEF2A7 /* Construction.cpp */,
				78E2701911FA8F4100EEF2A7 /* Container.cpp */,
				78E2701A11FA8F4100EEF2A7 /* Coordinate.cpp */,
				78E2701B11FA8F4100EEF2A7 /* Data.cpp */,
				78E2701C11FA8F4100EEF2A7 /* Door.cpp */,
				78E2701D11FA8F4100EEF2A7 /* Entity.cpp */,
				78E2701E11FA8F4100EEF2A7 /* Events.cpp */,
				78E2701F11FA8F4100EEF2A7 /* Farmplot.cpp */,
				78E2702011FA8F4100EEF2A7 /* Filth.cpp */,
				78E2702111FA8F4100EEF2A7 /* Game.cpp */,
				78E2702211FA8F4100EEF2A7 /* GCamp.cpp */,
				78E2702311FA8F4100EEF2A7 /* Item.cpp */,
				78E2702411FA8F4100EEF2A7 /* Job.cpp */,
				78E2702511FA8F4100EEF2A7 /* JobManager.cpp */,
				7862EB821234520400D09AEB /* KuhnMunkres.cpp */,
				78E2702611FA8F4100EEF2A7 /* Logger.cpp */,
				78E2702711FA8F4100EEF2A7 /* Map.cpp */,
				78E2702911FA8F4100EEF2A7 /* NatureObject.cpp */,
				78E2702A11FA8F4100EEF2A7 /* NPC.cpp */,
				78E2702B11FA8F4100EEF2A7 /* Serialization.cpp */,
				78E2702C11FA8F4100EEF2A7 /* Squad.cpp */,
				78E2702D11FA8F4100EEF2A7 /* StatusEffect.cpp */,
				78E2702E11FA8F4100EEF2A7 /* StockManager.cpp */,
				78E2702F11FA8F4100EEF2A7 /* Stockpile.cpp */,
				78E2703011FA8F4100EEF2A7 /* Tile.cpp */,
				78E2703111FA8F4100EEF2A7 /* UI.cpp */,
				78E2703211FA8F4100EEF2A7 /* Water.cpp */,
			);
			path = src;
			sourceTree = "<group>";
		};
		78E275A111FB37D400EEF2A7 /* lib */ = {
			isa = PBXGroup;
			children = (
				78E2731911FA9EFD00EEF2A7 /* libtcod.framework */,
				78E2739811FAA31C00EEF2A7 /* Carbon.framework */,
				78E274A411FB32EA00EEF2A7 /* libboost_date_time-d.dylib */,
				78E274A611FB32EA00EEF2A7 /* libboost_date_time-mt-d.dylib */,
				78E274A811FB32EA00EEF2A7 /* libboost_date_time-mt.dylib */,
				78E274AA11FB32EA00EEF2A7 /* libboost_date_time.dylib */,
				78E274AC11FB32EA00EEF2A7 /* libboost_filesystem-d.dylib */,
				78E274AE11FB32EA00EEF2A7 /* libboost_filesystem-mt-d.dylib */,
				78E274B011FB32EA00EEF2A7 /* libboost_filesystem-mt.dylib */,
				78E274B211FB32EA00EEF2A7 /* libboost_filesystem.dylib */,
				78E274B411FB32EB00EEF2A7 /* libboost_graph-d.dylib */,
				78E274B611FB32EB00EEF2A7 /* libboost_graph-mt-d.dylib */,
				78E274B811FB32EB00EEF2A7 /* libboost_graph-mt.dylib */,
				78E274BA11FB32EB00EEF2A7 /* libboost_graph.dylib */,
				78E274BC11FB32EB00EEF2A7 /* libboost_iostreams-d.dylib */,
				78E274BE11FB32EB00EEF2A7 /* libboost_iostreams-mt-d.dylib */,
				78E274C011FB32EB00EEF2A7 /* libboost_iostreams-mt.dylib */,
				78E274C211FB32EB00EEF2A7 /* libboost_iostreams.dylib */,
				78E274C411FB32EB00EEF2A7 /* libboost_math_c99-d.dylib */,
				78E274C611FB32EB00EEF2A7 /* libboost_math_c99-mt-d.dylib */,
				78E274C811FB32EB00EEF2A7 /* libboost_math_c99-mt.dylib */,
				78E274CA11FB32EB00EEF2A7 /* libboost_math_c99.dylib */,
				78E274CC11FB32EB00EEF2A7 /* libboost_math_c99f-d.dylib */,
				78E274CE11FB32EB00EEF2A7 /* libboost_math_c99f-mt-d.dylib */,
				78E274D011FB32EB00EEF2A7 /* libboost_math_c99f-mt.dylib */,
				78E274D211FB32EB00EEF2A7 /* libboost_math_c99f.dylib */,
				78E274D411FB32EB00EEF2A7 /* libboost_math_c99l-d.dylib */,
				78E274D611FB32EB00EEF2A7 /* libboost_math_c99l-mt-d.dylib */,
				78E274D811FB32EB00EEF2A7 /* libboost_math_c99l-mt.dylib */,
				78E274DA11FB32EB00EEF2A7 /* libboost_math_c99l.dylib */,
				78E274DC11FB32EB00EEF2A7 /* libboost_math_tr1-d.dylib */,
				78E274DE11FB32EB00EEF2A7 /* libboost_math_tr1-mt-d.dylib */,
				78E274E011FB32EB00EEF2A7 /* libboost_math_tr1-mt.dylib */,
				78E274E211FB32EB00EEF2A7 /* libboost_math_tr1.dylib */,
				78E274E411FB32EB00EEF2A7 /* libboost_math_tr1f-d.dylib */,
				78E274E611FB32EB00EEF2A7 /* libboost_math_tr1f-mt-d.dylib */,
				78E274E811FB32EB00EEF2A7 /* libboost_math_tr1f-mt.dylib */,
				78E274EA11FB32EB00EEF2A7 /* libboost_math_tr1f.dylib */,
				78E274EC11FB32EB00EEF2A7 /* libboost_math_tr1l-d.dylib */,
				78E274EE11FB32EB00EEF2A7 /* libboost_math_tr1l-mt-d.dylib */,
				78E274F011FB32EB00EEF2A7 /* libboost_math_tr1l-mt.dylib */,
				78E274F211FB32EB00EEF2A7 /* libboost_math_tr1l.dylib */,
				78E274F411FB32EB00EEF2A7 /* libboost_prg_exec_monitor-d.dylib */,
				78E274F611FB32EB00EEF2A7 /* libboost_prg_exec_monitor-mt-d.dylib */,
				78E274F811FB32EB00EEF2A7 /* libboost_prg_exec_monitor-mt.dylib */,
				78E274FA11FB32EB00EEF2A7 /* libboost_prg_exec_monitor.dylib */,
				78E274FC11FB32EB00EEF2A7 /* libboost_program_options-d.dylib */,
				78E274FE11FB32EB00EEF2A7 /* libboost_program_options-mt-d.dylib */,
				78E2750011FB32EB00EEF2A7 /* libboost_program_options-mt.dylib */,
				78E2750211FB32EB00EEF2A7 /* libboost_program_options.dylib */,
				78E2750411FB32EB00EEF2A7 /* libboost_random-d.dylib */,
				78E2750611FB32EB00EEF2A7 /* libboost_random-mt-d.dylib */,
				78E2750811FB32EB00EEF2A7 /* libboost_random-mt.dylib */,
				78E2750A11FB32EB00EEF2A7 /* libboost_random.dylib */,
				78E2750C11FB32EB00EEF2A7 /* libboost_regex-d.dylib */,
				78E2750E11FB32EB00EEF2A7 /* libboost_regex-mt-d.dylib */,
				78E2751011FB32EB00EEF2A7 /* libboost_regex-mt.dylib */,
				78E2751211FB32EB00EEF2A7 /* libboost_regex.dylib */,
				78E2751411FB32EB00EEF2A7 /* libboost_serialization-d.dylib */,
				78E2751611FB32EB00EEF2A7 /* libboost_serialization-mt-d.dylib */,
				78E2751811FB32EC00EEF2A7 /* libboost_serialization-mt.dylib */,
				78E2751A11FB32EC00EEF2A7 /* libboost_serialization.dylib */,
				78E2751C11FB32EC00EEF2A7 /* libboost_signals-d.dylib */,
				78E2751E11FB32EC00EEF2A7 /* libboost_signals-mt-d.dylib */,
				78E2752011FB32EC00EEF2A7 /* libboost_signals-mt.dylib */,
				78E2752211FB32EC00EEF2A7 /* libboost_signals.dylib */,
				78E2752411FB32EC00EEF2A7 /* libboost_system-d.dylib */,
				78E2752611FB32EC00EEF2A7 /* libboost_system-mt-d.dylib */,
				78E2752811FB32EC00EEF2A7 /* libboost_system-mt.dylib */,
				78E2752A11FB32EC00EEF2A7 /* libboost_system.dylib */,
				78E2752C11FB32EC00EEF2A7 /* libboost_thread-mt-d.dylib */,
				78E2752E11FB32EC00EEF2A7 /* libboost_thread-mt.dylib */,
				78E2753011FB32EC00EEF2A7 /* libboost_unit_test_framework-d.dylib */,
				78E2753211FB32EC00EEF2A7 /* libboost_unit_test_framework-mt-d.dylib */,
				78E2753411FB32EC00EEF2A7 /* libboost_unit_test_framework-mt.dylib */,
				78E2753611FB32EC00EEF2A7 /* libboost_unit_test_framework.dylib */,
				78E2753811FB32EC00EEF2A7 /* libboost_wave-d.dylib */,
				78E2753A11FB32EC00EEF2A7 /* libboost_wave-mt-d.dylib */,
				78E2753C11FB32EC00EEF2A7 /* libboost_wave-mt.dylib */,
				78E2753E11FB32EC00EEF2A7 /* libboost_wave.dylib */,
				78E2754011FB32EC00EEF2A7 /* libboost_wserialization-d.dylib */,
				78E2754211FB32EC00EEF2A7 /* libboost_wserialization-mt-d.dylib */,
				78E2754411FB32EC00EEF2A7 /* libboost_wserialization-mt.dylib */,
				78E2754611FB32EC00EEF2A7 /* libboost_wserialization.dylib */,
			);
			name = lib;
			sourceTree = "<group>";
		};
/* End PBXGroup section */

/* Begin PBXNativeTarget section */
		8DD76F620486A84900D96B5E /* Goblin Camp */ = {
			isa = PBXNativeTarget;
			buildConfigurationList = 1DEB923108733DC60010E9CD /* Build configuration list for PBXNativeTarget "Goblin Camp" */;
			buildPhases = (
				8DD76F640486A84900D96B5E /* Sources */,
				8DD76F660486A84900D96B5E /* Frameworks */,
				8DD76F690486A84900D96B5E /* CopyFiles */,
			);
			buildRules = (
			);
			dependencies = (
			);
			name = "Goblin Camp";
			productInstallPath = "$(HOME)/bin";
			productName = xcode;
			productReference = 78E2705611FA8F4100EEF2A7 /* Goblin Camp */;
			productType = "com.apple.product-type.tool";
		};
/* End PBXNativeTarget section */

/* Begin PBXProject section */
		08FB7793FE84155DC02AAC07 /* Project object */ = {
			isa = PBXProject;
			buildConfigurationList = 1DEB923508733DC60010E9CD /* Build configuration list for PBXProject "Goblin Camp" */;
			compatibilityVersion = "Xcode 3.1";
			developmentRegion = English;
			hasScannedForEncodings = 1;
			knownRegions = (
				en,
			);
			mainGroup = 08FB7794FE84155DC02AAC07 /* xcode */;
			projectDirPath = "";
			projectRoot = "";
			targets = (
				8DD76F620486A84900D96B5E /* Goblin Camp */,
			);
		};
/* End PBXProject section */

/* Begin PBXSourcesBuildPhase section */
		8DD76F640486A84900D96B5E /* Sources */ = {
			isa = PBXSourcesBuildPhase;
			buildActionMask = 2147483647;
			files = (
				78E2703611FA8F4100EEF2A7 /* Announce.cpp in Sources */,
				78E2703711FA8F4100EEF2A7 /* Attack.cpp in Sources */,
				78E2703811FA8F4100EEF2A7 /* Blood.cpp in Sources */,
				78E2703911FA8F4100EEF2A7 /* Camp.cpp in Sources */,
				78E2703A11FA8F4100EEF2A7 /* Construction.cpp in Sources */,
				78E2703B11FA8F4100EEF2A7 /* Container.cpp in Sources */,
				78E2703C11FA8F4100EEF2A7 /* Coordinate.cpp in Sources */,
				78E2703D11FA8F4100EEF2A7 /* Data.cpp in Sources */,
				78E2703E11FA8F4100EEF2A7 /* Door.cpp in Sources */,
				78E2703F11FA8F4100EEF2A7 /* Entity.cpp in Sources */,
				78E2704011FA8F4100EEF2A7 /* Events.cpp in Sources */,
				78E2704111FA8F4100EEF2A7 /* Farmplot.cpp in Sources */,
				78E2704211FA8F4100EEF2A7 /* Filth.cpp in Sources */,
				78E2704311FA8F4100EEF2A7 /* Game.cpp in Sources */,
				78E2704411FA8F4100EEF2A7 /* GCamp.cpp in Sources */,
				78E2704511FA8F4100EEF2A7 /* Item.cpp in Sources */,
				78E2704611FA8F4100EEF2A7 /* Job.cpp in Sources */,
				78E2704711FA8F4100EEF2A7 /* JobManager.cpp in Sources */,
				78E2704811FA8F4100EEF2A7 /* Logger.cpp in Sources */,
				78E2704911FA8F4100EEF2A7 /* Map.cpp in Sources */,
				78E2704B11FA8F4100EEF2A7 /* NatureObject.cpp in Sources */,
				78E2704C11FA8F4100EEF2A7 /* NPC.cpp in Sources */,
				78E2704D11FA8F4100EEF2A7 /* Serialization.cpp in Sources */,
				78E2704E11FA8F4100EEF2A7 /* Squad.cpp in Sources */,
				78E2704F11FA8F4100EEF2A7 /* StatusEffect.cpp in Sources */,
				78E2705011FA8F4100EEF2A7 /* StockManager.cpp in Sources */,
				78E2705111FA8F4100EEF2A7 /* Stockpile.cpp in Sources */,
				78E2705211FA8F4100EEF2A7 /* Tile.cpp in Sources */,
				78E2705311FA8F4100EEF2A7 /* UI.cpp in Sources */,
				78E2705411FA8F4100EEF2A7 /* Water.cpp in Sources */,
				78B37CA712060A76003F23A8 /* DataImpl.cpp in Sources */,
				78B37CA812060A76003F23A8 /* main.cpp in Sources */,
				78B37CA912060A76003F23A8 /* AnnounceDialog.cpp in Sources */,
				78B37CAA12060A76003F23A8 /* ConstructionDialog.cpp in Sources */,
				78B37CAB12060A76003F23A8 /* JobDialog.cpp in Sources */,
				78B37CAC12060A76003F23A8 /* Menu.cpp in Sources */,
				78B37CAD12060A76003F23A8 /* NPCDialog.cpp in Sources */,
				78B37CAE12060A76003F23A8 /* SquadsDialog.cpp in Sources */,
				78B37CAF12060A76003F23A8 /* StockManagerDialog.cpp in Sources */,
				78B37CB012060A76003F23A8 /* UIComponents.cpp in Sources */,
				78B37CB112060A76003F23A8 /* YesNoDialog.cpp in Sources */,
				78B37D171210DD11003F23A8 /* Tooltip.cpp in Sources */,
				7821252F121E06E700F5C47E /* SideBar.cpp in Sources */,
				7862EB831234520400D09AEB /* KuhnMunkres.cpp in Sources */,
			);
			runOnlyForDeploymentPostprocessing = 0;
		};
/* End PBXSourcesBuildPhase section */

/* Begin XCBuildConfiguration section */
		1DEB923208733DC60010E9CD /* Debug */ = {
			isa = XCBuildConfiguration;
			buildSettings = {
				ALWAYS_SEARCH_USER_PATHS = NO;
				COPY_PHASE_STRIP = NO;
				GCC_DYNAMIC_NO_PIC = NO;
				GCC_ENABLE_FIX_AND_CONTINUE = YES;
				GCC_MODEL_TUNING = G5;
				GCC_OPTIMIZATION_LEVEL = 0;
				INSTALL_PATH = /usr/local/bin;
				LIBRARY_SEARCH_PATHS = (
					"$(inherited)",
					/opt/local/lib,
				);
				PRODUCT_NAME = "Goblin Camp";
			};
			name = Debug;
		};
		1DEB923308733DC60010E9CD /* Release */ = {
			isa = XCBuildConfiguration;
			buildSettings = {
				ALWAYS_SEARCH_USER_PATHS = NO;
				DEBUG_INFORMATION_FORMAT = "dwarf-with-dsym";
				GCC_MODEL_TUNING = G5;
				INSTALL_PATH = /usr/local/bin;
				LIBRARY_SEARCH_PATHS = (
					"$(inherited)",
					/opt/local/lib,
				);
				PRODUCT_NAME = "Goblin Camp";
			};
			name = Release;
		};
		1DEB923608733DC60010E9CD /* Debug */ = {
			isa = XCBuildConfiguration;
			buildSettings = {
				ARCHS = "$(ARCHS_STANDARD_32_64_BIT)";
				GCC_C_LANGUAGE_STANDARD = gnu99;
				GCC_OPTIMIZATION_LEVEL = 0;
				GCC_PREPROCESSOR_DEFINITIONS = (
					DEBUG,
					MACOSX,
				);
				GCC_VERSION = "";
				GCC_WARN_ABOUT_RETURN_TYPE = YES;
				GCC_WARN_UNUSED_VARIABLE = YES;
				HEADER_SEARCH_PATHS = (
					"${SOURCE_ROOT}/Goblin\\ Camp/include",
					/Library/Frameworks/libtcod.framework/Headers,
					/opt/local/include,
				);
				LIBRARY_SEARCH_PATHS = /opt/local/lib/;
				ONLY_ACTIVE_ARCH = YES;
				PREBINDING = NO;
				SDKROOT = macosx10.6;
			};
			name = Debug;
		};
		1DEB923708733DC60010E9CD /* Release */ = {
			isa = XCBuildConfiguration;
			buildSettings = {
				ARCHS = "$(ARCHS_STANDARD_32_64_BIT)";
				GCC_C_LANGUAGE_STANDARD = gnu99;
				GCC_PREPROCESSOR_DEFINITIONS = MACOSX;
				GCC_WARN_ABOUT_RETURN_TYPE = YES;
				GCC_WARN_UNUSED_VARIABLE = YES;
				HEADER_SEARCH_PATHS = (
					"${SOURCE_ROOT}/Goblin\\ Camp/include",
					/Library/Frameworks/libtcod.framework/Headers,
					/opt/local/include,
				);
				LIBRARY_SEARCH_PATHS = /opt/local/lib/;
				ONLY_ACTIVE_ARCH = YES;
				PREBINDING = NO;
				SDKROOT = macosx10.6;
			};
			name = Release;
		};
/* End XCBuildConfiguration section */

/* Begin XCConfigurationList section */
		1DEB923108733DC60010E9CD /* Build configuration list for PBXNativeTarget "Goblin Camp" */ = {
			isa = XCConfigurationList;
			buildConfigurations = (
				1DEB923208733DC60010E9CD /* Debug */,
				1DEB923308733DC60010E9CD /* Release */,
			);
			defaultConfigurationIsVisible = 0;
			defaultConfigurationName = Release;
		};
		1DEB923508733DC60010E9CD /* Build configuration list for PBXProject "Goblin Camp" */ = {
			isa = XCConfigurationList;
			buildConfigurations = (
				1DEB923608733DC60010E9CD /* Debug */,
				1DEB923708733DC60010E9CD /* Release */,
			);
			defaultConfigurationIsVisible = 0;
			defaultConfigurationName = Release;
		};
/* End XCConfigurationList section */
	};
	rootObject = 08FB7793FE84155DC02AAC07 /* Project object */;
}
